
Microsoft Visual Studio Solution File, Format Version 12.00
# Visual Studio 2012
Project("{FAE04EC0-301F-11D3-BF4B-00C04F79EFBC}") = "Geocoding.ExternalGeocoders.Dev", "Geocoding.ExternalGeocoders.Dev.csproj", "{C21E0DF7-0BFD-463B-8ED8-2CFCC0A00767}"
EndProject
Project("{FAE04EC0-301F-11D3-BF4B-00C04F79EFBC}") = "AddressProcessing.Core.Dev", "..\..\..\AddressProcessing.Core\src\Main\AddressProcessing.Core.Dev.csproj", "{D971C282-ECC4-4C07-A481-5BC862934B96}"
EndProject
Project("{FAE04EC0-301F-11D3-BF4B-00C04F79EFBC}") = "Common.Core.Files.Dev", "..\..\..\Common.Core.Files\Src\Main\Common.Core.Files.Dev.csproj", "{0FF43F5C-9E8B-4010-A805-8C54EF43E511}"
EndProject
Project("{FAE04EC0-301F-11D3-BF4B-00C04F79EFBC}") = "Common.Core.Logging.TraceEvents.Dev", "..\..\..\Common.Core.Logging.TraceEvents\Src\Main\Common.Core.Logging.TraceEvents.Dev.csproj", "{9F19062E-A949-4FF8-8DC1-7239F06348DF}"
EndProject
Project("{FAE04EC0-301F-11D3-BF4B-00C04F79EFBC}") = "Common.Core.Utils.Dev", "..\..\..\Common.Core.Utils\Src\Main\Common.Core.Utils.Dev.csproj", "{0744A732-A7FE-4658-967D-C5A583EF08E4}"
EndProject
Project("{FAE04EC0-301F-11D3-BF4B-00C04F79EFBC}") = "Common.Data.Databases.Dev", "..\..\..\Common.Data.Databases\Src\Main\Common.Data.Databases.Dev.csproj", "{A7DF15F2-1210-4431-B223-A3A2810DC14A}"
EndProject
Project("{FAE04EC0-301F-11D3-BF4B-00C04F79EFBC}") = "Common.Data.Databases.Runners.Dev", "..\..\..\Common.Data.Databases.Runners\Src\Main\Common.Data.Databases.Runners.Dev.csproj", "{5A003DA0-31D1-48F6-81F7-0A0301362AC9}"
EndProject
Project("{FAE04EC0-301F-11D3-BF4B-00C04F79EFBC}") = "Common.Core.ExceptionHandling.Dev", "..\..\..\Common.Core.ExceptionHandling\Src\Main\Common.Core.ExceptionHandling.Dev.csproj", "{4A553AE2-F5D1-42B6-BE3A-8442DF626EAF}"
EndProject
Project("{FAE04EC0-301F-11D3-BF4B-00C04F79EFBC}") = "Common.Core.Threading.Dev", "..\..\..\Common.Core.Threading\Src\Main\Common.Core.Threading.Dev.csproj", "{FE6237ED-DCBB-43F5-A216-27CB99BEAFDB}"
EndProject
Project("{FAE04EC0-301F-11D3-BF4B-00C04F79EFBC}") = "Common.Core.Security.Dev", "..\..\..\Common.Core.Security\Src\Main\Common.Core.Security.Dev.csproj", "{D46E3A34-D2A4-4617-A13D-39E787C48C15}"
EndProject
Project("{FAE04EC0-301F-11D3-BF4B-00C04F79EFBC}") = "Common.Core.Addresses.Dev", "..\..\..\Common.Core.Addresses\Src\Main\Common.Core.Addresses.Dev.csproj", "{29C0949B-4D41-4138-B59B-6DE4A6A1774E}"
EndProject
Project("{FAE04EC0-301F-11D3-BF4B-00C04F79EFBC}") = "Common.Core.Configurations.Dev", "..\..\..\Common.Core.Configurations\Src\Main\Common.Core.Configurations.Dev.csproj", "{CA57DD09-BCF7-439A-A6FB-6FCBE125FB71}"
EndProject
Project("{FAE04EC0-301F-11D3-BF4B-00C04F79EFBC}") = "Common.Core.Forms.Dev", "..\..\..\Common.Core.Forms\Src\Main\Common.Core.Forms.Dev.csproj", "{EB017D59-1F59-45B1-9EA1-7BACA02E55DB}"
EndProject
Project("{FAE04EC0-301F-11D3-BF4B-00C04F79EFBC}") = "Common.Core.Geo.Geometries.Dev", "..\..\..\Common.Core.Geo.Geometries\Src\Main\Common.Core.Geo.Geometries.Dev.csproj", "{E8164C90-2753-46F3-937A-653039318563}"
EndProject
Project("{FAE04EC0-301F-11D3-BF4B-00C04F79EFBC}") = "Common.Core.Geo.Units.Dev", "..\..\..\Common.Core.Geo.Units\Src\Main\Common.Core.Geo.Units.Dev.csproj", "{5F42520E-2DDA-4B4A-AFE5-5F5E00E33D47}"
EndProject
Project("{FAE04EC0-301F-11D3-BF4B-00C04F79EFBC}") = "Common.Core.Web.Dev", "..\..\..\Common.Core.Web\Src\Main\Common.Core.Web.Dev.csproj", "{DEA75FBD-F1B4-4730-B10D-CBE20538DA37}"
EndProject
Project("{FAE04EC0-301F-11D3-BF4B-00C04F79EFBC}") = "Geocoding.Core.Algorithms.FeatureMatching.MatchedFeature.Dev", "..\..\..\Geocoding.Core.Algorithms.FeatureMatching.MatchedFeature\src\Main\Geocoding.Core.Algorithms.FeatureMatching.MatchedFeature.Dev.csproj", "{8D4887D7-7595-4F08-A1DE-2B8D6FBC220F}"
EndProject
Project("{FAE04EC0-301F-11D3-BF4B-00C04F79EFBC}") = "Common.Core.Geo.GeographicFeatures.Streets.Dev", "..\..\..\Common.Core.Geo.GeographicFeatures.Streets\Src\Main\Common.Core.Geo.GeographicFeatures.Streets.Dev.csproj", "{0C225E8B-E8AA-4AC2-A5BA-4B00AE357311}"
EndProject
Project("{FAE04EC0-301F-11D3-BF4B-00C04F79EFBC}") = "Common.Core.Colors.Dev", "..\..\..\Common.Core.Colors\Src\Main\Common.Core.Colors.Dev.csproj", "{34A8FC48-16D5-4937-8D33-14AE2EE362F4}"
EndProject
Project("{FAE04EC0-301F-11D3-BF4B-00C04F79EFBC}") = "Common.Core.Drawing.Dev", "..\..\..\Common.Core.Drawing\Src\Main\Common.Core.Drawing.Dev.csproj", "{282C24E4-E164-4679-AAD4-E640B30404DC}"
EndProject
Project("{FAE04EC0-301F-11D3-BF4B-00C04F79EFBC}") = "Geocoding.Core.Algorithms.FeatureMatching.Types.Dev", "..\..\..\Geocoding.Core.Algorithms.FeatureMatching.Types\src\Main\Geocoding.Core.Algorithms.FeatureMatching.Types.Dev.csproj", "{F301250A-6017-424D-96E7-C444CE1932D9}"
EndProject
Project("{FAE04EC0-301F-11D3-BF4B-00C04F79EFBC}") = "Geocoding.Core.Algorithms.FeatureMatchScorers.MatchScoreResults.Dev", "..\..\..\Geocoding.Core.Algorithms.FeatureMatchScorers.MatchScoreResults\src\Main\Geocoding.Core.Algorithms.FeatureMatchScorers.MatchScoreResults.Dev.csproj", "{1B0D73CF-1BF7-41EB-8792-E30319222AD7}"
EndProject
Project("{FAE04EC0-301F-11D3-BF4B-00C04F79EFBC}") = "Geocoding.Core.Metadata.ReferenceSources.Dev", "..\..\..\Geocoding.Core.Metadata.ReferenceSources\src\Main\Geocoding.Core.Metadata.ReferenceSources.Dev.csproj", "{36BF7E5C-D27B-49DC-A7A3-1E9A2845798A}"
EndProject
Project("{FAE04EC0-301F-11D3-BF4B-00C04F79EFBC}") = "Geocoding.Core.OutputData.Errors.Dev", "..\..\..\Geocoding.Core.OutputData.Errors\src\Main\Geocoding.Core.OutputData.Errors.Dev.csproj", "{F4ACB61C-6125-462F-84E8-29A3437823D9}"
EndProject
Project("{FAE04EC0-301F-11D3-BF4B-00C04F79EFBC}") = "Geocoding.Core.ReferenceDatasets.ReferenceFeatures.Dev", "..\..\..\Geocoding.Core.ReferenceDatasets.ReferenceFeatures\src\Main\Geocoding.Core.ReferenceDatasets.ReferenceFeatures.Dev.csproj", "{EE959596-3EE0-4CE2-AA08-A707360AA23D}"
EndProject
Project("{FAE04EC0-301F-11D3-BF4B-00C04F79EFBC}") = "Geocoding.Core.Algorithms.FeatureMatchScorers.AttributeWeightingSchemes.Dev", "..\..\..\Geocoding.Core.Algorithms.FeatureMatchScorers.AttributeWeightingSchemes\src\Main\Geocoding.Core.Algorithms.FeatureMatchScorers.AttributeWeightingSchemes.Dev.csproj", "{F2ADB16B-A16C-4B1D-BBDE-6E09BC2EB82C}"
EndProject
Project("{FAE04EC0-301F-11D3-BF4B-00C04F79EFBC}") = "Geocoding.Core.Algorithms.FeatureMatchScorers.Types.Dev", "..\..\..\Geocoding.Core.Algorithms.FeatureMatchScorers.Types\src\Main\Geocoding.Core.Algorithms.FeatureMatchScorers.Types.Dev.csproj", "{F9EEF841-7CA2-406D-9354-6289FBCD26BE}"
EndProject
Project("{FAE04EC0-301F-11D3-BF4B-00C04F79EFBC}") = "Geocoding.Core.Configurations.Dev", "..\..\..\Geocoding.Core.Configurations\src\Main\Geocoding.Core.Configurations.Dev.csproj", "{0D43D32A-C1F4-4D7C-B70B-3B7AE9D8CE03}"
EndProject
Project("{FAE04EC0-301F-11D3-BF4B-00C04F79EFBC}") = "Common.Data.Databases.Panels.Dev", "..\..\..\Common.Data.Databases.Panels\Src\Main\Common.Data.Databases.Panels.Dev.csproj", "{BBC490E1-D7CE-48A9-9A4F-F2BCB83281BC}"
EndProject
Project("{FAE04EC0-301F-11D3-BF4B-00C04F79EFBC}") = "Geocoding.Core.Algorithms.FeatureMatching.SelectionMethods.Dev", "..\..\..\Geocoding.Core.Algorithms.FeatureMatching.SelectionMethods\src\Main\Geocoding.Core.Algorithms.FeatureMatching.SelectionMethods.Dev.csproj", "{58A97F94-A955-473B-9FF7-80892B17B0B5}"
EndProject
Project("{FAE04EC0-301F-11D3-BF4B-00C04F79EFBC}") = "Geocoding.Core.Algorithms.TieHandling.Dev", "..\..\..\Geocoding.Core.Algorithms.TieHandling\src\Main\Geocoding.Core.Algorithms.TieHandling.Dev.csproj", "{103C5119-290A-4BA8-A3FB-A5CACEB2CED8}"
EndProject
Project("{FAE04EC0-301F-11D3-BF4B-00C04F79EFBC}") = "Geocoding.Core.Algorithms.FeatureMatching.Results.Dev", "..\..\..\Geocoding.Core.Algorithms.FeatureMatching.Results\src\Main\Geocoding.Core.Algorithms.FeatureMatching.Results.Dev.csproj", "{5377C10C-5D34-4BEB-A14B-993AA4ED37CA}"
EndProject
Project("{FAE04EC0-301F-11D3-BF4B-00C04F79EFBC}") = "Geocoding.Core.Algorithms.TieHandling.Types.Dev", "..\..\..\Geocoding.Core.Algorithms.TieHandling.Types\src\Main\Geocoding.Core.Algorithms.TieHandling.Types.Dev.csproj", "{92552C9A-68D0-47AD-90A6-601674C5AE33}"
EndProject
Project("{FAE04EC0-301F-11D3-BF4B-00C04F79EFBC}") = "Geocoding.Core.Metadata.Qualities.MatchTypes.Dev", "..\..\..\Geocoding.Core.Metadata.Qualities.MatchTypes\src\Main\Geocoding.Core.Metadata.Qualities.MatchTypes.Dev.csproj", "{EC0D4BA3-E997-4584-9EE1-87DBACE7BFD3}"
EndProject
Project("{FAE04EC0-301F-11D3-BF4B-00C04F79EFBC}") = "Geocoding.Core.Metadata.Statistics.Dev", "..\..\..\Geocoding.Core.Metadata.Statistics\src\Main\Geocoding.Core.Metadata.Statistics.Dev.csproj", "{5F7ABA23-7DA0-4E05-A195-F89BD06B8DE8}"
EndProject
Project("{FAE04EC0-301F-11D3-BF4B-00C04F79EFBC}") = "Geocoding.Core.Algorithms.TieHandling.Interfaces.Dev", "..\..\..\Geocoding.Core.Algorithms.TieHandling.Interfaces\src\Main\Geocoding.Core.Algorithms.TieHandling.Interfaces.Dev.csproj", "{98ADF804-FCF3-4620-AF98-A8C1BC1DAC73}"
EndProject
Project("{FAE04EC0-301F-11D3-BF4B-00C04F79EFBC}") = "Geocoding.Core.Metadata.FeatureMatchingResultTypes.Dev", "..\..\..\Geocoding.Core.Metadata.FeatureMatchingResultTypes\src\Main\Geocoding.Core.Metadata.FeatureMatchingResultTypes.Dev.csproj", "{30A809F9-1CCA-4747-ADB4-14FC6B8313DD}"
EndProject
Project("{FAE04EC0-301F-11D3-BF4B-00C04F79EFBC}") = "Geocoding.Core.Queries.Dev", "..\..\..\Geocoding.Core.Queries\src\Main\Geocoding.Core.Queries.Dev.csproj", "{A1CEFF20-E839-47DE-88C4-06A8AD225221}"
EndProject
Project("{FAE04EC0-301F-11D3-BF4B-00C04F79EFBC}") = "Geocoding.Core.ReferenceDatasets.ReferenceSourceQueries.Results.Dev", "..\..\..\Geocoding.Core.ReferenceDatasets.ReferenceSourceQueries.Results\src\Main\Geocoding.Core.ReferenceDatasets.ReferenceSourceQueries.Results.Dev.csproj", "{AF385447-152E-47B3-B0D4-37557B24E50A}"
EndProject
Project("{FAE04EC0-301F-11D3-BF4B-00C04F79EFBC}") = "PointIntersectors.Census.Dev", "..\..\..\PointIntersectors.Census\src\Main\PointIntersectors.Census.Dev.csproj", "{5328FADB-9D7C-410A-877E-F03E08367D9C}"
EndProject
Project("{FAE04EC0-301F-11D3-BF4B-00C04F79EFBC}") = "Geocoding.ExternalGeocoders.Types.Dev", "..\..\..\Geocoding.ExternalGeocoders.Types\src\Main\Geocoding.ExternalGeocoders.Types.Dev.csproj", "{FD507769-6EF8-4921-855C-6FD8530F587D}"
EndProject
Project("{FAE04EC0-301F-11D3-BF4B-00C04F79EFBC}") = "Geocoding.ReferenceData.Dev", "..\..\..\Geocoding.ReferenceData\src\Main\Geocoding.ReferenceData.Dev.csproj", "{532B3A7B-3312-4007-B80C-13CE65BF11AB}"
EndProject
Project("{FAE04EC0-301F-11D3-BF4B-00C04F79EFBC}") = "Geocoding.Core.Metadata.Qualities.Dev", "..\..\..\Geocoding.Core.Metadata.Qualities\src\Main\Geocoding.Core.Metadata.Qualities.Dev.csproj", "{33D5F4A3-E00E-4E13-8F28-B591699CE6AC}"
EndProject
Project("{FAE04EC0-301F-11D3-BF4B-00C04F79EFBC}") = "Geocoding.Core.Metadata.OutputFieldGroups.Dev", "..\..\..\Geocoding.Core.Metadata.OutputFieldGroups\src\Main\Geocoding.Core.Metadata.OutputFieldGroups.Dev.csproj", "{8D866D23-34C3-4277-9480-42EF1248F54F}"
EndProject
Project("{FAE04EC0-301F-11D3-BF4B-00C04F79EFBC}") = "Geocoding.Core.Algorithms.FeatureMatching.TypeManager.Dev", "..\..\..\Geocoding.Core.Algorithms.FeatureMatching.TypeManager\src\Main\Geocoding.Core.Algorithms.FeatureMatching.TypeManager.Dev.csproj", "{498E38D7-C45A-493A-B04E-08C8B9AF54F5}"
EndProject
Project("{FAE04EC0-301F-11D3-BF4B-00C04F79EFBC}") = "Geocoding.Core.Dev", "..\..\..\Geocoding.Core\src\Main\Geocoding.Core.Dev.csproj", "{0C0E838C-53E7-4D6A-8B0E-9D5CC43F52BB}"
EndProject
Project("{FAE04EC0-301F-11D3-BF4B-00C04F79EFBC}") = "Geocoding.Core.OutputData.Dev", "..\..\..\Geocoding.Core.OutputData\src\Main\Geocoding.Core.OutputData.Dev.csproj", "{AC115040-D3EE-4AB7-A3E5-5842724ACC15}"
EndProject
Project("{FAE04EC0-301F-11D3-BF4B-00C04F79EFBC}") = "Geocoding.Core.OutputData.GeocodeResultSet.Dev", "..\..\..\Geocoding.Core.OutputData.GeocodeResultSet\src\Main\Geocoding.Core.OutputData.GeocodeResultSet.Dev.csproj", "{F85BC636-6BB5-4C85-AC23-660C3248507A}"
EndProject
Project("{FAE04EC0-301F-11D3-BF4B-00C04F79EFBC}") = "Common.Core.Logging.Dev", "..\..\..\Common.Core.Logging\Src\Main\Common.Core.Logging.Dev.csproj", "{4EC65D78-6249-4B88-A306-0ED758D3EF1D}"
EndProject
Project("{FAE04EC0-301F-11D3-BF4B-00C04F79EFBC}") = "Common.Core.Logging.TraceListeners.Dev", "..\..\..\Common.Core.Logging.TraceListeners\Src\Main\Common.Core.Logging.TraceListeners.Dev.csproj", "{68DE830E-DB9B-4A42-9CF9-B73415B07087}"
EndProject
Project("{FAE04EC0-301F-11D3-BF4B-00C04F79EFBC}") = "Common.PerformanceTiming.Dev", "..\..\..\Common.PerformanceTiming\Src\Main\Common.PerformanceTiming.Dev.csproj", "{F53F6B0B-DF6F-4C95-B29D-9A3FDED41A26}"
EndProject
Project("{FAE04EC0-301F-11D3-BF4B-00C04F79EFBC}") = "Geocoding.Core.Algorithms.FeatureInterpolation.Dev", "..\..\..\Geocoding.Core.Algorithms.FeatureInterpolation\src\Main\Geocoding.Core.Algorithms.FeatureInterpolation.Dev.csproj", "{0DBA0417-A9F0-4BCC-8E38-CE40508CC930}"
EndProject
Project("{FAE04EC0-301F-11D3-BF4B-00C04F79EFBC}") = "Geocoding.Core.Algorithms.FeatureInterpolation.Interfaces.Dev", "..\..\..\Geocoding.Core.Algorithms.FeatureInterpolation.Interfaces\src\Main\Geocoding.Core.Algorithms.FeatureInterpolation.Interfaces.Dev.csproj", "{137D952C-4217-4948-B841-F3E6181822CF}"
EndProject
Project("{FAE04EC0-301F-11D3-BF4B-00C04F79EFBC}") = "Geocoding.Core.Algorithms.FeatureInterpolation.Results.Dev", "..\..\..\Geocoding.Core.Algorithms.FeatureInterpolation.Results\src\Main\Geocoding.Core.Algorithms.FeatureInterpolation.Results.Dev.csproj", "{E1E5657B-DAB3-431D-842F-5BA8BFFD2C3D}"
EndProject
Project("{FAE04EC0-301F-11D3-BF4B-00C04F79EFBC}") = "Geocoding.Core.Algorithms.FeatureInterpolation.Types.Dev", "..\..\..\Geocoding.Core.Algorithms.FeatureInterpolation.Types\src\Main\Geocoding.Core.Algorithms.FeatureInterpolation.Types.Dev.csproj", "{50DC9453-F8FC-45AA-B940-459E09C0D676}"
EndProject
Project("{FAE04EC0-301F-11D3-BF4B-00C04F79EFBC}") = "Geocoding.Core.Algorithms.FeatureMatching.Dev", "..\..\..\Geocoding.Core.Algorithms.FeatureMatching\src\Main\Geocoding.Core.Algorithms.FeatureMatching.Dev.csproj", "{1F389F41-7C26-45BB-B0F9-8C243F7B4D41}"
EndProject
Project("{FAE04EC0-301F-11D3-BF4B-00C04F79EFBC}") = "Geocoding.Core.Algorithms.FeatureMatchScorers.Dev", "..\..\..\Geocoding.Core.Algorithms.FeatureMatchScorers\src\Main\Geocoding.Core.Algorithms.FeatureMatchScorers.Dev.csproj", "{3E16F609-832F-4383-AC8A-86E7CA19B243}"
EndProject
Project("{FAE04EC0-301F-11D3-BF4B-00C04F79EFBC}") = "Geocoding.Core.Metadata.FeatureInterpolationTypes.Dev", "..\..\..\Geocoding.Core.Metadata.FeatureInterpolationTypes\src\Main\Geocoding.Core.Metadata.FeatureInterpolationTypes.Dev.csproj", "{E3F7B628-9686-410D-A8D8-352FC4648088}"
EndProject
Project("{FAE04EC0-301F-11D3-BF4B-00C04F79EFBC}") = "Geocoding.Core.Metadata.Qualities.Naaccr.Dev", "..\..\..\Geocoding.Core.Metadata.Qualities.Naaccr\src\Main\Geocoding.Core.Metadata.Qualities.Naaccr.Dev.csproj", "{37B39D83-3150-4103-95AF-A546797D2D72}"
EndProject
Project("{FAE04EC0-301F-11D3-BF4B-00C04F79EFBC}") = "Geocoding.Core.Metadata.Qualities.Naaccr.Types.Dev", "..\..\..\Geocoding.Core.Metadata.Qualities.Naaccr.Types\src\Main\Geocoding.Core.Metadata.Qualities.Naaccr.Types.Dev.csproj", "{50628EB4-3848-4256-819C-842A3B208319}"
EndProject
Project("{FAE04EC0-301F-11D3-BF4B-00C04F79EFBC}") = "Geocoding.Core.ReferenceDatasets.FeatureSources.Dev", "..\..\..\Geocoding.Core.ReferenceDatasets.FeatureSources\src\Main\Geocoding.Core.ReferenceDatasets.FeatureSources.Dev.csproj", "{2C4A6D3D-A46A-4988-A34D-BE8BE5D63FC3}"
EndProject
Project("{FAE04EC0-301F-11D3-BF4B-00C04F79EFBC}") = "Geocoding.Core.ReferenceDatasets.FeatureSources.Interfaces.Dev", "..\..\..\Geocoding.Core.ReferenceDatasets.FeatureSources.Interfaces\src\Main\Geocoding.Core.ReferenceDatasets.FeatureSources.Interfaces.Dev.csproj", "{9EB4E875-CA0B-46B7-98C3-3A813337F1E4}"
EndProject
Project("{FAE04EC0-301F-11D3-BF4B-00C04F79EFBC}") = "Geocoding.Core.ReferenceDatasets.ReferenceSourceQueries.Dev", "..\..\..\Geocoding.Core.ReferenceDatasets.ReferenceSourceQueries\src\Main\Geocoding.Core.ReferenceDatasets.ReferenceSourceQueries.Dev.csproj", "{7EF4FA43-C253-47C1-B21E-3BCCE6435512}"
EndProject
Project("{FAE04EC0-301F-11D3-BF4B-00C04F79EFBC}") = "Common.Core.Logging.LogLevels.Dev", "..\..\..\Common.Core.Logging.LogLevels\Src\Main\Common.Core.Logging.LogLevels.Dev.csproj", "{F1B1573F-9197-47BC-A72F-C71E47FC1599}"
EndProject
Project("{FAE04EC0-301F-11D3-BF4B-00C04F79EFBC}") = "Common.Core.Files.FileStreams.Dev", "..\..\..\Common.Core.Files.FileStreams\Src\Main\Common.Core.Files.FileStreams.Dev.csproj", "{8B0E3FBE-3290-43D4-97FA-C7E8569F5622}"
EndProject
Project("{FAE04EC0-301F-11D3-BF4B-00C04F79EFBC}") = "Common.Census.Dev", "..\..\..\Common.Census\src\Main\Common.Census.Dev.csproj", "{5903BD53-EBAF-4E15-AE63-59430DBBA17F}"
EndProject
Project("{FAE04EC0-301F-11D3-BF4B-00C04F79EFBC}") = "Common.Core.Geo.Units.Converters.BoundingBoxes.Dev", "..\..\..\Common.Core.Geo.Units.Converters.BoundingBoxes\Src\Main\Common.Core.Geo.Units.Converters.BoundingBoxes.Dev.csproj", "{650A029E-EBE8-4EFF-880C-9DFF82D6FFC7}"
EndProject
Project("{FAE04EC0-301F-11D3-BF4B-00C04F79EFBC}") = "Common.Core.Geo.DistanceFunctions.Dev", "..\..\..\Common.Core.Geo.DistanceFunctions\Src\Main\Common.Core.Geo.DistanceFunctions.Dev.csproj", "{858FA972-963A-483C-B0CA-0110B9538411}"
EndProject
Project("{FAE04EC0-301F-11D3-BF4B-00C04F79EFBC}") = "Common.Core.Geo.Units.Converters.Dev", "..\..\..\Common.Core.Geo.Units.Converters\Src\Main\Common.Core.Geo.Units.Converters.Dev.csproj", "{5CB3098F-54E7-427E-95CA-4D0EBBA9E2AB}"
EndProject
Project("{FAE04EC0-301F-11D3-BF4B-00C04F79EFBC}") = "Geocoding.Core.Metadata.Dev", "..\..\..\Geocoding.Core.Metadata\src\Main\Geocoding.Core.Metadata.Dev.csproj", "{061B2DAD-1AEF-45A4-A37A-D07223E418B4}"
EndProject
Project("{FAE04EC0-301F-11D3-BF4B-00C04F79EFBC}") = "Geocoding.Core.ReferenceDatasets.FeatureSources.ParameterProviders.Dev", "..\..\..\Geocoding.Core.ReferenceDatasets.FeatureSources.ParameterProviders\src\Main\Geocoding.Core.ReferenceDatasets.FeatureSources.ParameterProviders.Dev.csproj", "{92709546-3954-436B-B406-0A05B13C11E3}"
EndProject
Project("{FAE04EC0-301F-11D3-BF4B-00C04F79EFBC}") = "Common.Core.Geo.GeographicFeatures.Dev", "..\..\..\Common.Core.Geo.GeographicFeatures\Src\Main\Common.Core.Geo.GeographicFeatures.Dev.csproj", "{2C758E50-22C2-4928-8B90-9A582CB33426}"
EndProject
Project("{FAE04EC0-301F-11D3-BF4B-00C04F79EFBC}") = "Common.Core.Geo.GeographicFeatures.Parcels.Dev", "..\..\..\Common.Core.Geo.GeographicFeatures.Parcels\src\Main\Common.Core.Geo.GeographicFeatures.Parcels.Dev.csproj", "{E4903383-8E21-45E1-9AC5-E6D7863DE1BA}"
EndProject
Project("{FAE04EC0-301F-11D3-BF4B-00C04F79EFBC}") = "Common.Core.Geo.Geographics.Dev", "..\..\..\Common.Core.Geo.Geographics\Src\Main\Common.Core.Geo.Geographics.Dev.csproj", "{B2B33994-371A-4F17-AD78-0794FEAAF034}"
EndProject
Project("{FAE04EC0-301F-11D3-BF4B-00C04F79EFBC}") = "Common.Core.Images.Dev", "..\..\..\Common.Core.Images\Src\Main\Common.Core.Images.Dev.csproj", "{7E8B964D-3967-4118-9157-E8CE41A225B5}"
EndProject
Project("{FAE04EC0-301F-11D3-BF4B-00C04F79EFBC}") = "Geocoding.Core.ReferenceDatasets.Dev", "..\..\..\Geocoding.Core.ReferenceDatasets\src\Main\Geocoding.Core.ReferenceDatasets.Dev.csproj", "{8B2708E4-8DC6-440B-9601-4C0BF890E161}"
EndProject
Project("{FAE04EC0-301F-11D3-BF4B-00C04F79EFBC}") = "ShapefileReaders.Reimers.Shp2KmlWrapper.Dev", "..\..\..\ShapefileReaders.Reimers.Shp2KmlWrapper\src\Main\ShapefileReaders.Reimers.Shp2KmlWrapper.Dev.csproj", "{4601E149-77F9-49D9-9DBA-8A90F2D3CC47}"
EndProject
Project("{FAE04EC0-301F-11D3-BF4B-00C04F79EFBC}") = "Common.Core.Kml.Dev", "..\..\..\Common.Core.Kml\Src\Main\Common.Core.Kml.Dev.csproj", "{6EF62A72-2725-49D9-94E8-1339D01403FC}"
EndProject
Global
	GlobalSection(SolutionConfigurationPlatforms) = preSolution
		Debug|Any CPU = Debug|Any CPU
		Debug|x64 = Debug|x64
		Debug|x86 = Debug|x86
		Release|Any CPU = Release|Any CPU
		Release|x64 = Release|x64
		Release|x86 = Release|x86
	EndGlobalSection
	GlobalSection(ProjectConfigurationPlatforms) = postSolution
		{C21E0DF7-0BFD-463B-8ED8-2CFCC0A00767}.Debug|Any CPU.ActiveCfg = Debug|Any CPU
		{C21E0DF7-0BFD-463B-8ED8-2CFCC0A00767}.Debug|Any CPU.Build.0 = Debug|Any CPU
		{C21E0DF7-0BFD-463B-8ED8-2CFCC0A00767}.Debug|x64.ActiveCfg = Debug|Any CPU
		{C21E0DF7-0BFD-463B-8ED8-2CFCC0A00767}.Debug|x86.ActiveCfg = Debug|x86
		{C21E0DF7-0BFD-463B-8ED8-2CFCC0A00767}.Debug|x86.Build.0 = Debug|x86
		{C21E0DF7-0BFD-463B-8ED8-2CFCC0A00767}.Release|Any CPU.ActiveCfg = Release|Any CPU
		{C21E0DF7-0BFD-463B-8ED8-2CFCC0A00767}.Release|Any CPU.Build.0 = Release|Any CPU
		{C21E0DF7-0BFD-463B-8ED8-2CFCC0A00767}.Release|x64.ActiveCfg = Release|Any CPU
		{C21E0DF7-0BFD-463B-8ED8-2CFCC0A00767}.Release|x86.ActiveCfg = Release|x86
		{C21E0DF7-0BFD-463B-8ED8-2CFCC0A00767}.Release|x86.Build.0 = Release|x86
		{D971C282-ECC4-4C07-A481-5BC862934B96}.Debug|Any CPU.ActiveCfg = Debug|Any CPU
		{D971C282-ECC4-4C07-A481-5BC862934B96}.Debug|Any CPU.Build.0 = Debug|Any CPU
		{D971C282-ECC4-4C07-A481-5BC862934B96}.Debug|x64.ActiveCfg = Debug|Any CPU
		{D971C282-ECC4-4C07-A481-5BC862934B96}.Debug|x86.ActiveCfg = Debug|x86
		{D971C282-ECC4-4C07-A481-5BC862934B96}.Debug|x86.Build.0 = Debug|x86
		{D971C282-ECC4-4C07-A481-5BC862934B96}.Release|Any CPU.ActiveCfg = Release|Any CPU
		{D971C282-ECC4-4C07-A481-5BC862934B96}.Release|Any CPU.Build.0 = Release|Any CPU
		{D971C282-ECC4-4C07-A481-5BC862934B96}.Release|x64.ActiveCfg = Release|Any CPU
		{D971C282-ECC4-4C07-A481-5BC862934B96}.Release|x86.ActiveCfg = Release|x86
		{D971C282-ECC4-4C07-A481-5BC862934B96}.Release|x86.Build.0 = Release|x86
		{0FF43F5C-9E8B-4010-A805-8C54EF43E511}.Debug|Any CPU.ActiveCfg = Debug|Any CPU
		{0FF43F5C-9E8B-4010-A805-8C54EF43E511}.Debug|Any CPU.Build.0 = Debug|Any CPU
		{0FF43F5C-9E8B-4010-A805-8C54EF43E511}.Debug|x64.ActiveCfg = Debug|Any CPU
		{0FF43F5C-9E8B-4010-A805-8C54EF43E511}.Debug|x86.ActiveCfg = Debug|x86
		{0FF43F5C-9E8B-4010-A805-8C54EF43E511}.Debug|x86.Build.0 = Debug|x86
		{0FF43F5C-9E8B-4010-A805-8C54EF43E511}.Release|Any CPU.ActiveCfg = Release|Any CPU
		{0FF43F5C-9E8B-4010-A805-8C54EF43E511}.Release|Any CPU.Build.0 = Release|Any CPU
		{0FF43F5C-9E8B-4010-A805-8C54EF43E511}.Release|x64.ActiveCfg = Release|Any CPU
		{0FF43F5C-9E8B-4010-A805-8C54EF43E511}.Release|x86.ActiveCfg = Release|x86
		{0FF43F5C-9E8B-4010-A805-8C54EF43E511}.Release|x86.Build.0 = Release|x86
		{9F19062E-A949-4FF8-8DC1-7239F06348DF}.Debug|Any CPU.ActiveCfg = Debug|Any CPU
		{9F19062E-A949-4FF8-8DC1-7239F06348DF}.Debug|Any CPU.Build.0 = Debug|Any CPU
		{9F19062E-A949-4FF8-8DC1-7239F06348DF}.Debug|x64.ActiveCfg = Debug|Any CPU
		{9F19062E-A949-4FF8-8DC1-7239F06348DF}.Debug|x86.ActiveCfg = Debug|x86
		{9F19062E-A949-4FF8-8DC1-7239F06348DF}.Debug|x86.Build.0 = Debug|x86
		{9F19062E-A949-4FF8-8DC1-7239F06348DF}.Release|Any CPU.ActiveCfg = Release|Any CPU
		{9F19062E-A949-4FF8-8DC1-7239F06348DF}.Release|Any CPU.Build.0 = Release|Any CPU
		{9F19062E-A949-4FF8-8DC1-7239F06348DF}.Release|x64.ActiveCfg = Release|Any CPU
		{9F19062E-A949-4FF8-8DC1-7239F06348DF}.Release|x86.ActiveCfg = Release|x86
		{9F19062E-A949-4FF8-8DC1-7239F06348DF}.Release|x86.Build.0 = Release|x86
		{0744A732-A7FE-4658-967D-C5A583EF08E4}.Debug|Any CPU.ActiveCfg = Debug|Any CPU
		{0744A732-A7FE-4658-967D-C5A583EF08E4}.Debug|Any CPU.Build.0 = Debug|Any CPU
		{0744A732-A7FE-4658-967D-C5A583EF08E4}.Debug|x64.ActiveCfg = Debug|Any CPU
		{0744A732-A7FE-4658-967D-C5A583EF08E4}.Debug|x86.ActiveCfg = Debug|x86
		{0744A732-A7FE-4658-967D-C5A583EF08E4}.Debug|x86.Build.0 = Debug|x86
		{0744A732-A7FE-4658-967D-C5A583EF08E4}.Release|Any CPU.ActiveCfg = Release|Any CPU
		{0744A732-A7FE-4658-967D-C5A583EF08E4}.Release|Any CPU.Build.0 = Release|Any CPU
		{0744A732-A7FE-4658-967D-C5A583EF08E4}.Release|x64.ActiveCfg = Release|Any CPU
		{0744A732-A7FE-4658-967D-C5A583EF08E4}.Release|x86.ActiveCfg = Release|x86
		{0744A732-A7FE-4658-967D-C5A583EF08E4}.Release|x86.Build.0 = Release|x86
		{A7DF15F2-1210-4431-B223-A3A2810DC14A}.Debug|Any CPU.ActiveCfg = Debug|Any CPU
		{A7DF15F2-1210-4431-B223-A3A2810DC14A}.Debug|Any CPU.Build.0 = Debug|Any CPU
		{A7DF15F2-1210-4431-B223-A3A2810DC14A}.Debug|x64.ActiveCfg = Debug|Any CPU
		{A7DF15F2-1210-4431-B223-A3A2810DC14A}.Debug|x86.ActiveCfg = Debug|x86
		{A7DF15F2-1210-4431-B223-A3A2810DC14A}.Debug|x86.Build.0 = Debug|x86
		{A7DF15F2-1210-4431-B223-A3A2810DC14A}.Release|Any CPU.ActiveCfg = Release|Any CPU
		{A7DF15F2-1210-4431-B223-A3A2810DC14A}.Release|Any CPU.Build.0 = Release|Any CPU
		{A7DF15F2-1210-4431-B223-A3A2810DC14A}.Release|x64.ActiveCfg = Release|Any CPU
		{A7DF15F2-1210-4431-B223-A3A2810DC14A}.Release|x86.ActiveCfg = Release|x86
		{A7DF15F2-1210-4431-B223-A3A2810DC14A}.Release|x86.Build.0 = Release|x86
		{5A003DA0-31D1-48F6-81F7-0A0301362AC9}.Debug|Any CPU.ActiveCfg = Debug|Any CPU
		{5A003DA0-31D1-48F6-81F7-0A0301362AC9}.Debug|Any CPU.Build.0 = Debug|Any CPU
		{5A003DA0-31D1-48F6-81F7-0A0301362AC9}.Debug|x64.ActiveCfg = Debug|Any CPU
		{5A003DA0-31D1-48F6-81F7-0A0301362AC9}.Debug|x86.ActiveCfg = Debug|x86
		{5A003DA0-31D1-48F6-81F7-0A0301362AC9}.Debug|x86.Build.0 = Debug|x86
		{5A003DA0-31D1-48F6-81F7-0A0301362AC9}.Release|Any CPU.ActiveCfg = Release|Any CPU
		{5A003DA0-31D1-48F6-81F7-0A0301362AC9}.Release|Any CPU.Build.0 = Release|Any CPU
		{5A003DA0-31D1-48F6-81F7-0A0301362AC9}.Release|x64.ActiveCfg = Release|Any CPU
		{5A003DA0-31D1-48F6-81F7-0A0301362AC9}.Release|x86.ActiveCfg = Release|x86
		{5A003DA0-31D1-48F6-81F7-0A0301362AC9}.Release|x86.Build.0 = Release|x86
		{4A553AE2-F5D1-42B6-BE3A-8442DF626EAF}.Debug|Any CPU.ActiveCfg = Debug|Any CPU
		{4A553AE2-F5D1-42B6-BE3A-8442DF626EAF}.Debug|Any CPU.Build.0 = Debug|Any CPU
		{4A553AE2-F5D1-42B6-BE3A-8442DF626EAF}.Debug|x64.ActiveCfg = Debug|Any CPU
		{4A553AE2-F5D1-42B6-BE3A-8442DF626EAF}.Debug|x86.ActiveCfg = Debug|x86
		{4A553AE2-F5D1-42B6-BE3A-8442DF626EAF}.Debug|x86.Build.0 = Debug|x86
		{4A553AE2-F5D1-42B6-BE3A-8442DF626EAF}.Release|Any CPU.ActiveCfg = Release|Any CPU
		{4A553AE2-F5D1-42B6-BE3A-8442DF626EAF}.Release|Any CPU.Build.0 = Release|Any CPU
		{4A553AE2-F5D1-42B6-BE3A-8442DF626EAF}.Release|x64.ActiveCfg = Release|Any CPU
		{4A553AE2-F5D1-42B6-BE3A-8442DF626EAF}.Release|x86.ActiveCfg = Release|x86
		{4A553AE2-F5D1-42B6-BE3A-8442DF626EAF}.Release|x86.Build.0 = Release|x86
		{FE6237ED-DCBB-43F5-A216-27CB99BEAFDB}.Debug|Any CPU.ActiveCfg = Debug|Any CPU
		{FE6237ED-DCBB-43F5-A216-27CB99BEAFDB}.Debug|Any CPU.Build.0 = Debug|Any CPU
		{FE6237ED-DCBB-43F5-A216-27CB99BEAFDB}.Debug|x64.ActiveCfg = Debug|x64
		{FE6237ED-DCBB-43F5-A216-27CB99BEAFDB}.Debug|x64.Build.0 = Debug|x64
		{FE6237ED-DCBB-43F5-A216-27CB99BEAFDB}.Debug|x86.ActiveCfg = Debug|x86
		{FE6237ED-DCBB-43F5-A216-27CB99BEAFDB}.Debug|x86.Build.0 = Debug|x86
		{FE6237ED-DCBB-43F5-A216-27CB99BEAFDB}.Release|Any CPU.ActiveCfg = Release|Any CPU
		{FE6237ED-DCBB-43F5-A216-27CB99BEAFDB}.Release|Any CPU.Build.0 = Release|Any CPU
		{FE6237ED-DCBB-43F5-A216-27CB99BEAFDB}.Release|x64.ActiveCfg = Release|x64
		{FE6237ED-DCBB-43F5-A216-27CB99BEAFDB}.Release|x64.Build.0 = Release|x64
		{FE6237ED-DCBB-43F5-A216-27CB99BEAFDB}.Release|x86.ActiveCfg = Release|x86
		{FE6237ED-DCBB-43F5-A216-27CB99BEAFDB}.Release|x86.Build.0 = Release|x86
		{D46E3A34-D2A4-4617-A13D-39E787C48C15}.Debug|Any CPU.ActiveCfg = Debug|Any CPU
		{D46E3A34-D2A4-4617-A13D-39E787C48C15}.Debug|Any CPU.Build.0 = Debug|Any CPU
		{D46E3A34-D2A4-4617-A13D-39E787C48C15}.Debug|x64.ActiveCfg = Debug|Any CPU
		{D46E3A34-D2A4-4617-A13D-39E787C48C15}.Debug|x86.ActiveCfg = Debug|x86
		{D46E3A34-D2A4-4617-A13D-39E787C48C15}.Debug|x86.Build.0 = Debug|x86
		{D46E3A34-D2A4-4617-A13D-39E787C48C15}.Release|Any CPU.ActiveCfg = Release|Any CPU
		{D46E3A34-D2A4-4617-A13D-39E787C48C15}.Release|Any CPU.Build.0 = Release|Any CPU
		{D46E3A34-D2A4-4617-A13D-39E787C48C15}.Release|x64.ActiveCfg = Release|Any CPU
		{D46E3A34-D2A4-4617-A13D-39E787C48C15}.Release|x86.ActiveCfg = Release|x86
		{D46E3A34-D2A4-4617-A13D-39E787C48C15}.Release|x86.Build.0 = Release|x86
		{29C0949B-4D41-4138-B59B-6DE4A6A1774E}.Debug|Any CPU.ActiveCfg = Debug|Any CPU
		{29C0949B-4D41-4138-B59B-6DE4A6A1774E}.Debug|Any CPU.Build.0 = Debug|Any CPU
		{29C0949B-4D41-4138-B59B-6DE4A6A1774E}.Debug|x64.ActiveCfg = Debug|Any CPU
		{29C0949B-4D41-4138-B59B-6DE4A6A1774E}.Debug|x86.ActiveCfg = Debug|x86
		{29C0949B-4D41-4138-B59B-6DE4A6A1774E}.Debug|x86.Build.0 = Debug|x86
		{29C0949B-4D41-4138-B59B-6DE4A6A1774E}.Release|Any CPU.ActiveCfg = Release|Any CPU
		{29C0949B-4D41-4138-B59B-6DE4A6A1774E}.Release|Any CPU.Build.0 = Release|Any CPU
		{29C0949B-4D41-4138-B59B-6DE4A6A1774E}.Release|x64.ActiveCfg = Release|Any CPU
		{29C0949B-4D41-4138-B59B-6DE4A6A1774E}.Release|x86.ActiveCfg = Release|x86
		{29C0949B-4D41-4138-B59B-6DE4A6A1774E}.Release|x86.Build.0 = Release|x86
		{CA57DD09-BCF7-439A-A6FB-6FCBE125FB71}.Debug|Any CPU.ActiveCfg = Debug|Any CPU
		{CA57DD09-BCF7-439A-A6FB-6FCBE125FB71}.Debug|Any CPU.Build.0 = Debug|Any CPU
		{CA57DD09-BCF7-439A-A6FB-6FCBE125FB71}.Debug|x64.ActiveCfg = Debug|Any CPU
		{CA57DD09-BCF7-439A-A6FB-6FCBE125FB71}.Debug|x86.ActiveCfg = Debug|x86
		{CA57DD09-BCF7-439A-A6FB-6FCBE125FB71}.Debug|x86.Build.0 = Debug|x86
		{CA57DD09-BCF7-439A-A6FB-6FCBE125FB71}.Release|Any CPU.ActiveCfg = Release|Any CPU
		{CA57DD09-BCF7-439A-A6FB-6FCBE125FB71}.Release|Any CPU.Build.0 = Release|Any CPU
		{CA57DD09-BCF7-439A-A6FB-6FCBE125FB71}.Release|x64.ActiveCfg = Release|Any CPU
		{CA57DD09-BCF7-439A-A6FB-6FCBE125FB71}.Release|x86.ActiveCfg = Release|x86
		{CA57DD09-BCF7-439A-A6FB-6FCBE125FB71}.Release|x86.Build.0 = Release|x86
		{EB017D59-1F59-45B1-9EA1-7BACA02E55DB}.Debug|Any CPU.ActiveCfg = Debug|Any CPU
		{EB017D59-1F59-45B1-9EA1-7BACA02E55DB}.Debug|Any CPU.Build.0 = Debug|Any CPU
		{EB017D59-1F59-45B1-9EA1-7BACA02E55DB}.Debug|x64.ActiveCfg = Debug|Any CPU
		{EB017D59-1F59-45B1-9EA1-7BACA02E55DB}.Debug|x86.ActiveCfg = Debug|x86
		{EB017D59-1F59-45B1-9EA1-7BACA02E55DB}.Debug|x86.Build.0 = Debug|x86
		{EB017D59-1F59-45B1-9EA1-7BACA02E55DB}.Release|Any CPU.ActiveCfg = Release|Any CPU
		{EB017D59-1F59-45B1-9EA1-7BACA02E55DB}.Release|Any CPU.Build.0 = Release|Any CPU
		{EB017D59-1F59-45B1-9EA1-7BACA02E55DB}.Release|x64.ActiveCfg = Release|Any CPU
		{EB017D59-1F59-45B1-9EA1-7BACA02E55DB}.Release|x86.ActiveCfg = Release|x86
		{EB017D59-1F59-45B1-9EA1-7BACA02E55DB}.Release|x86.Build.0 = Release|x86
		{E8164C90-2753-46F3-937A-653039318563}.Debug|Any CPU.ActiveCfg = Debug|Any CPU
		{E8164C90-2753-46F3-937A-653039318563}.Debug|Any CPU.Build.0 = Debug|Any CPU
		{E8164C90-2753-46F3-937A-653039318563}.Debug|x64.ActiveCfg = Debug|Any CPU
		{E8164C90-2753-46F3-937A-653039318563}.Debug|x86.ActiveCfg = Debug|x86
		{E8164C90-2753-46F3-937A-653039318563}.Debug|x86.Build.0 = Debug|x86
		{E8164C90-2753-46F3-937A-653039318563}.Release|Any CPU.ActiveCfg = Release|Any CPU
		{E8164C90-2753-46F3-937A-653039318563}.Release|Any CPU.Build.0 = Release|Any CPU
		{E8164C90-2753-46F3-937A-653039318563}.Release|x64.ActiveCfg = Release|Any CPU
		{E8164C90-2753-46F3-937A-653039318563}.Release|x86.ActiveCfg = Release|x86
		{E8164C90-2753-46F3-937A-653039318563}.Release|x86.Build.0 = Release|x86
		{5F42520E-2DDA-4B4A-AFE5-5F5E00E33D47}.Debug|Any CPU.ActiveCfg = Debug|Any CPU
		{5F42520E-2DDA-4B4A-AFE5-5F5E00E33D47}.Debug|Any CPU.Build.0 = Debug|Any CPU
		{5F42520E-2DDA-4B4A-AFE5-5F5E00E33D47}.Debug|x64.ActiveCfg = Debug|Any CPU
		{5F42520E-2DDA-4B4A-AFE5-5F5E00E33D47}.Debug|x86.ActiveCfg = Debug|x86
		{5F42520E-2DDA-4B4A-AFE5-5F5E00E33D47}.Debug|x86.Build.0 = Debug|x86
		{5F42520E-2DDA-4B4A-AFE5-5F5E00E33D47}.Release|Any CPU.ActiveCfg = Release|Any CPU
		{5F42520E-2DDA-4B4A-AFE5-5F5E00E33D47}.Release|Any CPU.Build.0 = Release|Any CPU
		{5F42520E-2DDA-4B4A-AFE5-5F5E00E33D47}.Release|x64.ActiveCfg = Release|Any CPU
		{5F42520E-2DDA-4B4A-AFE5-5F5E00E33D47}.Release|x86.ActiveCfg = Release|x86
		{5F42520E-2DDA-4B4A-AFE5-5F5E00E33D47}.Release|x86.Build.0 = Release|x86
		{DEA75FBD-F1B4-4730-B10D-CBE20538DA37}.Debug|Any CPU.ActiveCfg = Debug|Any CPU
		{DEA75FBD-F1B4-4730-B10D-CBE20538DA37}.Debug|Any CPU.Build.0 = Debug|Any CPU
		{DEA75FBD-F1B4-4730-B10D-CBE20538DA37}.Debug|x64.ActiveCfg = Debug|Any CPU
		{DEA75FBD-F1B4-4730-B10D-CBE20538DA37}.Debug|x86.ActiveCfg = Debug|x86
		{DEA75FBD-F1B4-4730-B10D-CBE20538DA37}.Debug|x86.Build.0 = Debug|x86
		{DEA75FBD-F1B4-4730-B10D-CBE20538DA37}.Release|Any CPU.ActiveCfg = Release|Any CPU
		{DEA75FBD-F1B4-4730-B10D-CBE20538DA37}.Release|Any CPU.Build.0 = Release|Any CPU
		{DEA75FBD-F1B4-4730-B10D-CBE20538DA37}.Release|x64.ActiveCfg = Release|Any CPU
		{DEA75FBD-F1B4-4730-B10D-CBE20538DA37}.Release|x86.ActiveCfg = Release|x86
		{DEA75FBD-F1B4-4730-B10D-CBE20538DA37}.Release|x86.Build.0 = Release|x86
		{8D4887D7-7595-4F08-A1DE-2B8D6FBC220F}.Debug|Any CPU.ActiveCfg = Debug|Any CPU
		{8D4887D7-7595-4F08-A1DE-2B8D6FBC220F}.Debug|Any CPU.Build.0 = Debug|Any CPU
		{8D4887D7-7595-4F08-A1DE-2B8D6FBC220F}.Debug|x64.ActiveCfg = Debug|Any CPU
		{8D4887D7-7595-4F08-A1DE-2B8D6FBC220F}.Debug|x86.ActiveCfg = Debug|x86
		{8D4887D7-7595-4F08-A1DE-2B8D6FBC220F}.Debug|x86.Build.0 = Debug|x86
		{8D4887D7-7595-4F08-A1DE-2B8D6FBC220F}.Release|Any CPU.ActiveCfg = Release|Any CPU
		{8D4887D7-7595-4F08-A1DE-2B8D6FBC220F}.Release|Any CPU.Build.0 = Release|Any CPU
		{8D4887D7-7595-4F08-A1DE-2B8D6FBC220F}.Release|x64.ActiveCfg = Release|Any CPU
		{8D4887D7-7595-4F08-A1DE-2B8D6FBC220F}.Release|x86.ActiveCfg = Release|x86
		{8D4887D7-7595-4F08-A1DE-2B8D6FBC220F}.Release|x86.Build.0 = Release|x86
		{0C225E8B-E8AA-4AC2-A5BA-4B00AE357311}.Debug|Any CPU.ActiveCfg = Debug|Any CPU
		{0C225E8B-E8AA-4AC2-A5BA-4B00AE357311}.Debug|Any CPU.Build.0 = Debug|Any CPU
		{0C225E8B-E8AA-4AC2-A5BA-4B00AE357311}.Debug|x64.ActiveCfg = Debug|Any CPU
		{0C225E8B-E8AA-4AC2-A5BA-4B00AE357311}.Debug|x86.ActiveCfg = Debug|x86
		{0C225E8B-E8AA-4AC2-A5BA-4B00AE357311}.Debug|x86.Build.0 = Debug|x86
		{0C225E8B-E8AA-4AC2-A5BA-4B00AE357311}.Release|Any CPU.ActiveCfg = Release|Any CPU
		{0C225E8B-E8AA-4AC2-A5BA-4B00AE357311}.Release|Any CPU.Build.0 = Release|Any CPU
		{0C225E8B-E8AA-4AC2-A5BA-4B00AE357311}.Release|x64.ActiveCfg = Release|Any CPU
		{0C225E8B-E8AA-4AC2-A5BA-4B00AE357311}.Release|x86.ActiveCfg = Release|x86
		{0C225E8B-E8AA-4AC2-A5BA-4B00AE357311}.Release|x86.Build.0 = Release|x86
		{34A8FC48-16D5-4937-8D33-14AE2EE362F4}.Debug|Any CPU.ActiveCfg = Debug|Any CPU
		{34A8FC48-16D5-4937-8D33-14AE2EE362F4}.Debug|Any CPU.Build.0 = Debug|Any CPU
		{34A8FC48-16D5-4937-8D33-14AE2EE362F4}.Debug|x64.ActiveCfg = Debug|Any CPU
		{34A8FC48-16D5-4937-8D33-14AE2EE362F4}.Debug|x86.ActiveCfg = Debug|x86
		{34A8FC48-16D5-4937-8D33-14AE2EE362F4}.Debug|x86.Build.0 = Debug|x86
		{34A8FC48-16D5-4937-8D33-14AE2EE362F4}.Release|Any CPU.ActiveCfg = Release|Any CPU
		{34A8FC48-16D5-4937-8D33-14AE2EE362F4}.Release|Any CPU.Build.0 = Release|Any CPU
		{34A8FC48-16D5-4937-8D33-14AE2EE362F4}.Release|x64.ActiveCfg = Release|Any CPU
		{34A8FC48-16D5-4937-8D33-14AE2EE362F4}.Release|x86.ActiveCfg = Release|x86
		{34A8FC48-16D5-4937-8D33-14AE2EE362F4}.Release|x86.Build.0 = Release|x86
		{282C24E4-E164-4679-AAD4-E640B30404DC}.Debug|Any CPU.ActiveCfg = Debug|Any CPU
		{282C24E4-E164-4679-AAD4-E640B30404DC}.Debug|Any CPU.Build.0 = Debug|Any CPU
		{282C24E4-E164-4679-AAD4-E640B30404DC}.Debug|x64.ActiveCfg = Debug|Any CPU
		{282C24E4-E164-4679-AAD4-E640B30404DC}.Debug|x86.ActiveCfg = Debug|x86
		{282C24E4-E164-4679-AAD4-E640B30404DC}.Debug|x86.Build.0 = Debug|x86
		{282C24E4-E164-4679-AAD4-E640B30404DC}.Release|Any CPU.ActiveCfg = Release|Any CPU
		{282C24E4-E164-4679-AAD4-E640B30404DC}.Release|Any CPU.Build.0 = Release|Any CPU
		{282C24E4-E164-4679-AAD4-E640B30404DC}.Release|x64.ActiveCfg = Release|Any CPU
		{282C24E4-E164-4679-AAD4-E640B30404DC}.Release|x86.ActiveCfg = Release|x86
		{282C24E4-E164-4679-AAD4-E640B30404DC}.Release|x86.Build.0 = Release|x86
		{F301250A-6017-424D-96E7-C444CE1932D9}.Debug|Any CPU.ActiveCfg = Debug|Any CPU
		{F301250A-6017-424D-96E7-C444CE1932D9}.Debug|Any CPU.Build.0 = Debug|Any CPU
		{F301250A-6017-424D-96E7-C444CE1932D9}.Debug|x64.ActiveCfg = Debug|Any CPU
		{F301250A-6017-424D-96E7-C444CE1932D9}.Debug|x86.ActiveCfg = Debug|x86
		{F301250A-6017-424D-96E7-C444CE1932D9}.Debug|x86.Build.0 = Debug|x86
		{F301250A-6017-424D-96E7-C444CE1932D9}.Release|Any CPU.ActiveCfg = Release|Any CPU
		{F301250A-6017-424D-96E7-C444CE1932D9}.Release|Any CPU.Build.0 = Release|Any CPU
		{F301250A-6017-424D-96E7-C444CE1932D9}.Release|x64.ActiveCfg = Release|Any CPU
		{F301250A-6017-424D-96E7-C444CE1932D9}.Release|x86.ActiveCfg = Release|x86
		{F301250A-6017-424D-96E7-C444CE1932D9}.Release|x86.Build.0 = Release|x86
		{1B0D73CF-1BF7-41EB-8792-E30319222AD7}.Debug|Any CPU.ActiveCfg = Debug|Any CPU
		{1B0D73CF-1BF7-41EB-8792-E30319222AD7}.Debug|Any CPU.Build.0 = Debug|Any CPU
		{1B0D73CF-1BF7-41EB-8792-E30319222AD7}.Debug|x64.ActiveCfg = Debug|Any CPU
		{1B0D73CF-1BF7-41EB-8792-E30319222AD7}.Debug|x86.ActiveCfg = Debug|x86
		{1B0D73CF-1BF7-41EB-8792-E30319222AD7}.Debug|x86.Build.0 = Debug|x86
		{1B0D73CF-1BF7-41EB-8792-E30319222AD7}.Release|Any CPU.ActiveCfg = Release|Any CPU
		{1B0D73CF-1BF7-41EB-8792-E30319222AD7}.Release|Any CPU.Build.0 = Release|Any CPU
		{1B0D73CF-1BF7-41EB-8792-E30319222AD7}.Release|x64.ActiveCfg = Release|Any CPU
		{1B0D73CF-1BF7-41EB-8792-E30319222AD7}.Release|x86.ActiveCfg = Release|x86
		{1B0D73CF-1BF7-41EB-8792-E30319222AD7}.Release|x86.Build.0 = Release|x86
		{36BF7E5C-D27B-49DC-A7A3-1E9A2845798A}.Debug|Any CPU.ActiveCfg = Debug|Any CPU
		{36BF7E5C-D27B-49DC-A7A3-1E9A2845798A}.Debug|Any CPU.Build.0 = Debug|Any CPU
		{36BF7E5C-D27B-49DC-A7A3-1E9A2845798A}.Debug|x64.ActiveCfg = Debug|Any CPU
		{36BF7E5C-D27B-49DC-A7A3-1E9A2845798A}.Debug|x86.ActiveCfg = Debug|x86
		{36BF7E5C-D27B-49DC-A7A3-1E9A2845798A}.Debug|x86.Build.0 = Debug|x86
		{36BF7E5C-D27B-49DC-A7A3-1E9A2845798A}.Release|Any CPU.ActiveCfg = Release|Any CPU
		{36BF7E5C-D27B-49DC-A7A3-1E9A2845798A}.Release|Any CPU.Build.0 = Release|Any CPU
		{36BF7E5C-D27B-49DC-A7A3-1E9A2845798A}.Release|x64.ActiveCfg = Release|Any CPU
		{36BF7E5C-D27B-49DC-A7A3-1E9A2845798A}.Release|x86.ActiveCfg = Release|x86
		{36BF7E5C-D27B-49DC-A7A3-1E9A2845798A}.Release|x86.Build.0 = Release|x86
		{F4ACB61C-6125-462F-84E8-29A3437823D9}.Debug|Any CPU.ActiveCfg = Debug|Any CPU
		{F4ACB61C-6125-462F-84E8-29A3437823D9}.Debug|Any CPU.Build.0 = Debug|Any CPU
		{F4ACB61C-6125-462F-84E8-29A3437823D9}.Debug|x64.ActiveCfg = Debug|Any CPU
		{F4ACB61C-6125-462F-84E8-29A3437823D9}.Debug|x86.ActiveCfg = Debug|x86
		{F4ACB61C-6125-462F-84E8-29A3437823D9}.Debug|x86.Build.0 = Debug|x86
		{F4ACB61C-6125-462F-84E8-29A3437823D9}.Release|Any CPU.ActiveCfg = Release|Any CPU
		{F4ACB61C-6125-462F-84E8-29A3437823D9}.Release|Any CPU.Build.0 = Release|Any CPU
		{F4ACB61C-6125-462F-84E8-29A3437823D9}.Release|x64.ActiveCfg = Release|Any CPU
		{F4ACB61C-6125-462F-84E8-29A3437823D9}.Release|x86.ActiveCfg = Release|x86
		{F4ACB61C-6125-462F-84E8-29A3437823D9}.Release|x86.Build.0 = Release|x86
		{EE959596-3EE0-4CE2-AA08-A707360AA23D}.Debug|Any CPU.ActiveCfg = Debug|Any CPU
		{EE959596-3EE0-4CE2-AA08-A707360AA23D}.Debug|Any CPU.Build.0 = Debug|Any CPU
		{EE959596-3EE0-4CE2-AA08-A707360AA23D}.Debug|x64.ActiveCfg = Debug|Any CPU
		{EE959596-3EE0-4CE2-AA08-A707360AA23D}.Debug|x86.ActiveCfg = Debug|x86
		{EE959596-3EE0-4CE2-AA08-A707360AA23D}.Debug|x86.Build.0 = Debug|x86
		{EE959596-3EE0-4CE2-AA08-A707360AA23D}.Release|Any CPU.ActiveCfg = Release|Any CPU
		{EE959596-3EE0-4CE2-AA08-A707360AA23D}.Release|Any CPU.Build.0 = Release|Any CPU
		{EE959596-3EE0-4CE2-AA08-A707360AA23D}.Release|x64.ActiveCfg = Release|Any CPU
		{EE959596-3EE0-4CE2-AA08-A707360AA23D}.Release|x86.ActiveCfg = Release|x86
		{EE959596-3EE0-4CE2-AA08-A707360AA23D}.Release|x86.Build.0 = Release|x86
		{F2ADB16B-A16C-4B1D-BBDE-6E09BC2EB82C}.Debug|Any CPU.ActiveCfg = Debug|Any CPU
		{F2ADB16B-A16C-4B1D-BBDE-6E09BC2EB82C}.Debug|Any CPU.Build.0 = Debug|Any CPU
		{F2ADB16B-A16C-4B1D-BBDE-6E09BC2EB82C}.Debug|x64.ActiveCfg = Debug|Any CPU
		{F2ADB16B-A16C-4B1D-BBDE-6E09BC2EB82C}.Debug|x86.ActiveCfg = Debug|x86
		{F2ADB16B-A16C-4B1D-BBDE-6E09BC2EB82C}.Debug|x86.Build.0 = Debug|x86
		{F2ADB16B-A16C-4B1D-BBDE-6E09BC2EB82C}.Release|Any CPU.ActiveCfg = Release|Any CPU
		{F2ADB16B-A16C-4B1D-BBDE-6E09BC2EB82C}.Release|Any CPU.Build.0 = Release|Any CPU
		{F2ADB16B-A16C-4B1D-BBDE-6E09BC2EB82C}.Release|x64.ActiveCfg = Release|Any CPU
		{F2ADB16B-A16C-4B1D-BBDE-6E09BC2EB82C}.Release|x86.ActiveCfg = Release|x86
		{F2ADB16B-A16C-4B1D-BBDE-6E09BC2EB82C}.Release|x86.Build.0 = Release|x86
		{F9EEF841-7CA2-406D-9354-6289FBCD26BE}.Debug|Any CPU.ActiveCfg = Debug|Any CPU
		{F9EEF841-7CA2-406D-9354-6289FBCD26BE}.Debug|Any CPU.Build.0 = Debug|Any CPU
		{F9EEF841-7CA2-406D-9354-6289FBCD26BE}.Debug|x64.ActiveCfg = Debug|Any CPU
		{F9EEF841-7CA2-406D-9354-6289FBCD26BE}.Debug|x86.ActiveCfg = Debug|x86
		{F9EEF841-7CA2-406D-9354-6289FBCD26BE}.Debug|x86.Build.0 = Debug|x86
		{F9EEF841-7CA2-406D-9354-6289FBCD26BE}.Release|Any CPU.ActiveCfg = Release|Any CPU
		{F9EEF841-7CA2-406D-9354-6289FBCD26BE}.Release|Any CPU.Build.0 = Release|Any CPU
		{F9EEF841-7CA2-406D-9354-6289FBCD26BE}.Release|x64.ActiveCfg = Release|Any CPU
		{F9EEF841-7CA2-406D-9354-6289FBCD26BE}.Release|x86.ActiveCfg = Release|x86
		{F9EEF841-7CA2-406D-9354-6289FBCD26BE}.Release|x86.Build.0 = Release|x86
		{0D43D32A-C1F4-4D7C-B70B-3B7AE9D8CE03}.Debug|Any CPU.ActiveCfg = Debug|Any CPU
		{0D43D32A-C1F4-4D7C-B70B-3B7AE9D8CE03}.Debug|Any CPU.Build.0 = Debug|Any CPU
		{0D43D32A-C1F4-4D7C-B70B-3B7AE9D8CE03}.Debug|x64.ActiveCfg = Debug|Any CPU
		{0D43D32A-C1F4-4D7C-B70B-3B7AE9D8CE03}.Debug|x86.ActiveCfg = Debug|x86
		{0D43D32A-C1F4-4D7C-B70B-3B7AE9D8CE03}.Debug|x86.Build.0 = Debug|x86
		{0D43D32A-C1F4-4D7C-B70B-3B7AE9D8CE03}.Release|Any CPU.ActiveCfg = Release|Any CPU
		{0D43D32A-C1F4-4D7C-B70B-3B7AE9D8CE03}.Release|Any CPU.Build.0 = Release|Any CPU
		{0D43D32A-C1F4-4D7C-B70B-3B7AE9D8CE03}.Release|x64.ActiveCfg = Release|Any CPU
		{0D43D32A-C1F4-4D7C-B70B-3B7AE9D8CE03}.Release|x86.ActiveCfg = Release|x86
		{0D43D32A-C1F4-4D7C-B70B-3B7AE9D8CE03}.Release|x86.Build.0 = Release|x86
		{BBC490E1-D7CE-48A9-9A4F-F2BCB83281BC}.Debug|Any CPU.ActiveCfg = Debug|Any CPU
		{BBC490E1-D7CE-48A9-9A4F-F2BCB83281BC}.Debug|Any CPU.Build.0 = Debug|Any CPU
		{BBC490E1-D7CE-48A9-9A4F-F2BCB83281BC}.Debug|x64.ActiveCfg = Debug|Any CPU
		{BBC490E1-D7CE-48A9-9A4F-F2BCB83281BC}.Debug|x86.ActiveCfg = Debug|x86
		{BBC490E1-D7CE-48A9-9A4F-F2BCB83281BC}.Debug|x86.Build.0 = Debug|x86
		{BBC490E1-D7CE-48A9-9A4F-F2BCB83281BC}.Release|Any CPU.ActiveCfg = Release|Any CPU
		{BBC490E1-D7CE-48A9-9A4F-F2BCB83281BC}.Release|Any CPU.Build.0 = Release|Any CPU
		{BBC490E1-D7CE-48A9-9A4F-F2BCB83281BC}.Release|x64.ActiveCfg = Release|Any CPU
		{BBC490E1-D7CE-48A9-9A4F-F2BCB83281BC}.Release|x86.ActiveCfg = Release|x86
		{BBC490E1-D7CE-48A9-9A4F-F2BCB83281BC}.Release|x86.Build.0 = Release|x86
		{58A97F94-A955-473B-9FF7-80892B17B0B5}.Debug|Any CPU.ActiveCfg = Debug|Any CPU
		{58A97F94-A955-473B-9FF7-80892B17B0B5}.Debug|Any CPU.Build.0 = Debug|Any CPU
		{58A97F94-A955-473B-9FF7-80892B17B0B5}.Debug|x64.ActiveCfg = Debug|Any CPU
		{58A97F94-A955-473B-9FF7-80892B17B0B5}.Debug|x86.ActiveCfg = Debug|x86
		{58A97F94-A955-473B-9FF7-80892B17B0B5}.Debug|x86.Build.0 = Debug|x86
		{58A97F94-A955-473B-9FF7-80892B17B0B5}.Release|Any CPU.ActiveCfg = Release|Any CPU
		{58A97F94-A955-473B-9FF7-80892B17B0B5}.Release|Any CPU.Build.0 = Release|Any CPU
		{58A97F94-A955-473B-9FF7-80892B17B0B5}.Release|x64.ActiveCfg = Release|Any CPU
		{58A97F94-A955-473B-9FF7-80892B17B0B5}.Release|x86.ActiveCfg = Release|x86
		{58A97F94-A955-473B-9FF7-80892B17B0B5}.Release|x86.Build.0 = Release|x86
		{103C5119-290A-4BA8-A3FB-A5CACEB2CED8}.Debug|Any CPU.ActiveCfg = Debug|Any CPU
		{103C5119-290A-4BA8-A3FB-A5CACEB2CED8}.Debug|Any CPU.Build.0 = Debug|Any CPU
		{103C5119-290A-4BA8-A3FB-A5CACEB2CED8}.Debug|x64.ActiveCfg = Debug|Any CPU
		{103C5119-290A-4BA8-A3FB-A5CACEB2CED8}.Debug|x86.ActiveCfg = Debug|x86
		{103C5119-290A-4BA8-A3FB-A5CACEB2CED8}.Debug|x86.Build.0 = Debug|x86
		{103C5119-290A-4BA8-A3FB-A5CACEB2CED8}.Release|Any CPU.ActiveCfg = Release|Any CPU
		{103C5119-290A-4BA8-A3FB-A5CACEB2CED8}.Release|Any CPU.Build.0 = Release|Any CPU
		{103C5119-290A-4BA8-A3FB-A5CACEB2CED8}.Release|x64.ActiveCfg = Release|Any CPU
		{103C5119-290A-4BA8-A3FB-A5CACEB2CED8}.Release|x86.ActiveCfg = Release|x86
		{103C5119-290A-4BA8-A3FB-A5CACEB2CED8}.Release|x86.Build.0 = Release|x86
		{5377C10C-5D34-4BEB-A14B-993AA4ED37CA}.Debug|Any CPU.ActiveCfg = Debug|Any CPU
		{5377C10C-5D34-4BEB-A14B-993AA4ED37CA}.Debug|Any CPU.Build.0 = Debug|Any CPU
		{5377C10C-5D34-4BEB-A14B-993AA4ED37CA}.Debug|x64.ActiveCfg = Debug|Any CPU
		{5377C10C-5D34-4BEB-A14B-993AA4ED37CA}.Debug|x86.ActiveCfg = Debug|x86
		{5377C10C-5D34-4BEB-A14B-993AA4ED37CA}.Debug|x86.Build.0 = Debug|x86
		{5377C10C-5D34-4BEB-A14B-993AA4ED37CA}.Release|Any CPU.ActiveCfg = Release|Any CPU
		{5377C10C-5D34-4BEB-A14B-993AA4ED37CA}.Release|Any CPU.Build.0 = Release|Any CPU
		{5377C10C-5D34-4BEB-A14B-993AA4ED37CA}.Release|x64.ActiveCfg = Release|Any CPU
		{5377C10C-5D34-4BEB-A14B-993AA4ED37CA}.Release|x86.ActiveCfg = Release|x86
		{5377C10C-5D34-4BEB-A14B-993AA4ED37CA}.Release|x86.Build.0 = Release|x86
		{92552C9A-68D0-47AD-90A6-601674C5AE33}.Debug|Any CPU.ActiveCfg = Debug|Any CPU
		{92552C9A-68D0-47AD-90A6-601674C5AE33}.Debug|Any CPU.Build.0 = Debug|Any CPU
		{92552C9A-68D0-47AD-90A6-601674C5AE33}.Debug|x64.ActiveCfg = Debug|Any CPU
		{92552C9A-68D0-47AD-90A6-601674C5AE33}.Debug|x86.ActiveCfg = Debug|x86
		{92552C9A-68D0-47AD-90A6-601674C5AE33}.Debug|x86.Build.0 = Debug|x86
		{92552C9A-68D0-47AD-90A6-601674C5AE33}.Release|Any CPU.ActiveCfg = Release|Any CPU
		{92552C9A-68D0-47AD-90A6-601674C5AE33}.Release|Any CPU.Build.0 = Release|Any CPU
		{92552C9A-68D0-47AD-90A6-601674C5AE33}.Release|x64.ActiveCfg = Release|Any CPU
		{92552C9A-68D0-47AD-90A6-601674C5AE33}.Release|x86.ActiveCfg = Release|x86
		{92552C9A-68D0-47AD-90A6-601674C5AE33}.Release|x86.Build.0 = Release|x86
		{EC0D4BA3-E997-4584-9EE1-87DBACE7BFD3}.Debug|Any CPU.ActiveCfg = Debug|Any CPU
		{EC0D4BA3-E997-4584-9EE1-87DBACE7BFD3}.Debug|Any CPU.Build.0 = Debug|Any CPU
		{EC0D4BA3-E997-4584-9EE1-87DBACE7BFD3}.Debug|x64.ActiveCfg = Debug|Any CPU
		{EC0D4BA3-E997-4584-9EE1-87DBACE7BFD3}.Debug|x86.ActiveCfg = Debug|x86
		{EC0D4BA3-E997-4584-9EE1-87DBACE7BFD3}.Debug|x86.Build.0 = Debug|x86
		{EC0D4BA3-E997-4584-9EE1-87DBACE7BFD3}.Release|Any CPU.ActiveCfg = Release|Any CPU
		{EC0D4BA3-E997-4584-9EE1-87DBACE7BFD3}.Release|Any CPU.Build.0 = Release|Any CPU
		{EC0D4BA3-E997-4584-9EE1-87DBACE7BFD3}.Release|x64.ActiveCfg = Release|Any CPU
		{EC0D4BA3-E997-4584-9EE1-87DBACE7BFD3}.Release|x86.ActiveCfg = Release|x86
		{EC0D4BA3-E997-4584-9EE1-87DBACE7BFD3}.Release|x86.Build.0 = Release|x86
		{5F7ABA23-7DA0-4E05-A195-F89BD06B8DE8}.Debug|Any CPU.ActiveCfg = Debug|Any CPU
		{5F7ABA23-7DA0-4E05-A195-F89BD06B8DE8}.Debug|Any CPU.Build.0 = Debug|Any CPU
		{5F7ABA23-7DA0-4E05-A195-F89BD06B8DE8}.Debug|x64.ActiveCfg = Debug|Any CPU
		{5F7ABA23-7DA0-4E05-A195-F89BD06B8DE8}.Debug|x86.ActiveCfg = Debug|x86
		{5F7ABA23-7DA0-4E05-A195-F89BD06B8DE8}.Debug|x86.Build.0 = Debug|x86
		{5F7ABA23-7DA0-4E05-A195-F89BD06B8DE8}.Release|Any CPU.ActiveCfg = Release|Any CPU
		{5F7ABA23-7DA0-4E05-A195-F89BD06B8DE8}.Release|Any CPU.Build.0 = Release|Any CPU
		{5F7ABA23-7DA0-4E05-A195-F89BD06B8DE8}.Release|x64.ActiveCfg = Release|Any CPU
		{5F7ABA23-7DA0-4E05-A195-F89BD06B8DE8}.Release|x86.ActiveCfg = Release|x86
		{5F7ABA23-7DA0-4E05-A195-F89BD06B8DE8}.Release|x86.Build.0 = Release|x86
		{98ADF804-FCF3-4620-AF98-A8C1BC1DAC73}.Debug|Any CPU.ActiveCfg = Debug|Any CPU
		{98ADF804-FCF3-4620-AF98-A8C1BC1DAC73}.Debug|Any CPU.Build.0 = Debug|Any CPU
		{98ADF804-FCF3-4620-AF98-A8C1BC1DAC73}.Debug|x64.ActiveCfg = Debug|Any CPU
		{98ADF804-FCF3-4620-AF98-A8C1BC1DAC73}.Debug|x86.ActiveCfg = Debug|x86
		{98ADF804-FCF3-4620-AF98-A8C1BC1DAC73}.Debug|x86.Build.0 = Debug|x86
		{98ADF804-FCF3-4620-AF98-A8C1BC1DAC73}.Release|Any CPU.ActiveCfg = Release|Any CPU
		{98ADF804-FCF3-4620-AF98-A8C1BC1DAC73}.Release|Any CPU.Build.0 = Release|Any CPU
		{98ADF804-FCF3-4620-AF98-A8C1BC1DAC73}.Release|x64.ActiveCfg = Release|Any CPU
		{98ADF804-FCF3-4620-AF98-A8C1BC1DAC73}.Release|x86.ActiveCfg = Release|x86
		{98ADF804-FCF3-4620-AF98-A8C1BC1DAC73}.Release|x86.Build.0 = Release|x86
		{30A809F9-1CCA-4747-ADB4-14FC6B8313DD}.Debug|Any CPU.ActiveCfg = Debug|Any CPU
		{30A809F9-1CCA-4747-ADB4-14FC6B8313DD}.Debug|Any CPU.Build.0 = Debug|Any CPU
		{30A809F9-1CCA-4747-ADB4-14FC6B8313DD}.Debug|x64.ActiveCfg = Debug|Any CPU
		{30A809F9-1CCA-4747-ADB4-14FC6B8313DD}.Debug|x86.ActiveCfg = Debug|x86
		{30A809F9-1CCA-4747-ADB4-14FC6B8313DD}.Debug|x86.Build.0 = Debug|x86
		{30A809F9-1CCA-4747-ADB4-14FC6B8313DD}.Release|Any CPU.ActiveCfg = Release|Any CPU
		{30A809F9-1CCA-4747-ADB4-14FC6B8313DD}.Release|Any CPU.Build.0 = Release|Any CPU
		{30A809F9-1CCA-4747-ADB4-14FC6B8313DD}.Release|x64.ActiveCfg = Release|Any CPU
		{30A809F9-1CCA-4747-ADB4-14FC6B8313DD}.Release|x86.ActiveCfg = Release|x86
		{30A809F9-1CCA-4747-ADB4-14FC6B8313DD}.Release|x86.Build.0 = Release|x86
		{A1CEFF20-E839-47DE-88C4-06A8AD225221}.Debug|Any CPU.ActiveCfg = Debug|Any CPU
		{A1CEFF20-E839-47DE-88C4-06A8AD225221}.Debug|Any CPU.Build.0 = Debug|Any CPU
		{A1CEFF20-E839-47DE-88C4-06A8AD225221}.Debug|x64.ActiveCfg = Debug|Any CPU
		{A1CEFF20-E839-47DE-88C4-06A8AD225221}.Debug|x86.ActiveCfg = Debug|x86
		{A1CEFF20-E839-47DE-88C4-06A8AD225221}.Debug|x86.Build.0 = Debug|x86
		{A1CEFF20-E839-47DE-88C4-06A8AD225221}.Release|Any CPU.ActiveCfg = Release|Any CPU
		{A1CEFF20-E839-47DE-88C4-06A8AD225221}.Release|Any CPU.Build.0 = Release|Any CPU
		{A1CEFF20-E839-47DE-88C4-06A8AD225221}.Release|x64.ActiveCfg = Release|Any CPU
		{A1CEFF20-E839-47DE-88C4-06A8AD225221}.Release|x86.ActiveCfg = Release|x86
		{A1CEFF20-E839-47DE-88C4-06A8AD225221}.Release|x86.Build.0 = Release|x86
		{AF385447-152E-47B3-B0D4-37557B24E50A}.Debug|Any CPU.ActiveCfg = Debug|Any CPU
		{AF385447-152E-47B3-B0D4-37557B24E50A}.Debug|Any CPU.Build.0 = Debug|Any CPU
		{AF385447-152E-47B3-B0D4-37557B24E50A}.Debug|x64.ActiveCfg = Debug|Any CPU
		{AF385447-152E-47B3-B0D4-37557B24E50A}.Debug|x86.ActiveCfg = Debug|x86
		{AF385447-152E-47B3-B0D4-37557B24E50A}.Debug|x86.Build.0 = Debug|x86
		{AF385447-152E-47B3-B0D4-37557B24E50A}.Release|Any CPU.ActiveCfg = Release|Any CPU
		{AF385447-152E-47B3-B0D4-37557B24E50A}.Release|Any CPU.Build.0 = Release|Any CPU
		{AF385447-152E-47B3-B0D4-37557B24E50A}.Release|x64.ActiveCfg = Release|Any CPU
		{AF385447-152E-47B3-B0D4-37557B24E50A}.Release|x86.ActiveCfg = Release|x86
		{AF385447-152E-47B3-B0D4-37557B24E50A}.Release|x86.Build.0 = Release|x86
		{5328FADB-9D7C-410A-877E-F03E08367D9C}.Debug|Any CPU.ActiveCfg = Debug|Any CPU
		{5328FADB-9D7C-410A-877E-F03E08367D9C}.Debug|Any CPU.Build.0 = Debug|Any CPU
		{5328FADB-9D7C-410A-877E-F03E08367D9C}.Debug|x64.ActiveCfg = Debug|Any CPU
		{5328FADB-9D7C-410A-877E-F03E08367D9C}.Debug|x86.ActiveCfg = Debug|x86
		{5328FADB-9D7C-410A-877E-F03E08367D9C}.Debug|x86.Build.0 = Debug|x86
		{5328FADB-9D7C-410A-877E-F03E08367D9C}.Release|Any CPU.ActiveCfg = Release|Any CPU
		{5328FADB-9D7C-410A-877E-F03E08367D9C}.Release|Any CPU.Build.0 = Release|Any CPU
		{5328FADB-9D7C-410A-877E-F03E08367D9C}.Release|x64.ActiveCfg = Release|Any CPU
		{5328FADB-9D7C-410A-877E-F03E08367D9C}.Release|x86.ActiveCfg = Release|x86
		{5328FADB-9D7C-410A-877E-F03E08367D9C}.Release|x86.Build.0 = Release|x86
		{FD507769-6EF8-4921-855C-6FD8530F587D}.Debug|Any CPU.ActiveCfg = Debug|Any CPU
		{FD507769-6EF8-4921-855C-6FD8530F587D}.Debug|Any CPU.Build.0 = Debug|Any CPU
		{FD507769-6EF8-4921-855C-6FD8530F587D}.Debug|x64.ActiveCfg = Debug|Any CPU
		{FD507769-6EF8-4921-855C-6FD8530F587D}.Debug|x86.ActiveCfg = Debug|x86
		{FD507769-6EF8-4921-855C-6FD8530F587D}.Debug|x86.Build.0 = Debug|x86
		{FD507769-6EF8-4921-855C-6FD8530F587D}.Release|Any CPU.ActiveCfg = Release|Any CPU
		{FD507769-6EF8-4921-855C-6FD8530F587D}.Release|Any CPU.Build.0 = Release|Any CPU
		{FD507769-6EF8-4921-855C-6FD8530F587D}.Release|x64.ActiveCfg = Release|Any CPU
		{FD507769-6EF8-4921-855C-6FD8530F587D}.Release|x86.ActiveCfg = Release|x86
		{FD507769-6EF8-4921-855C-6FD8530F587D}.Release|x86.Build.0 = Release|x86
		{532B3A7B-3312-4007-B80C-13CE65BF11AB}.Debug|Any CPU.ActiveCfg = Debug|Any CPU
		{532B3A7B-3312-4007-B80C-13CE65BF11AB}.Debug|Any CPU.Build.0 = Debug|Any CPU
		{532B3A7B-3312-4007-B80C-13CE65BF11AB}.Debug|x64.ActiveCfg = Debug|Any CPU
		{532B3A7B-3312-4007-B80C-13CE65BF11AB}.Debug|x86.ActiveCfg = Debug|x86
		{532B3A7B-3312-4007-B80C-13CE65BF11AB}.Debug|x86.Build.0 = Debug|x86
		{532B3A7B-3312-4007-B80C-13CE65BF11AB}.Release|Any CPU.ActiveCfg = Release|Any CPU
		{532B3A7B-3312-4007-B80C-13CE65BF11AB}.Release|Any CPU.Build.0 = Release|Any CPU
		{532B3A7B-3312-4007-B80C-13CE65BF11AB}.Release|x64.ActiveCfg = Release|Any CPU
		{532B3A7B-3312-4007-B80C-13CE65BF11AB}.Release|x86.ActiveCfg = Release|x86
		{532B3A7B-3312-4007-B80C-13CE65BF11AB}.Release|x86.Build.0 = Release|x86
		{33D5F4A3-E00E-4E13-8F28-B591699CE6AC}.Debug|Any CPU.ActiveCfg = Debug|Any CPU
		{33D5F4A3-E00E-4E13-8F28-B591699CE6AC}.Debug|Any CPU.Build.0 = Debug|Any CPU
		{33D5F4A3-E00E-4E13-8F28-B591699CE6AC}.Debug|x64.ActiveCfg = Debug|Any CPU
		{33D5F4A3-E00E-4E13-8F28-B591699CE6AC}.Debug|x86.ActiveCfg = Debug|x86
		{33D5F4A3-E00E-4E13-8F28-B591699CE6AC}.Debug|x86.Build.0 = Debug|x86
		{33D5F4A3-E00E-4E13-8F28-B591699CE6AC}.Release|Any CPU.ActiveCfg = Release|Any CPU
		{33D5F4A3-E00E-4E13-8F28-B591699CE6AC}.Release|Any CPU.Build.0 = Release|Any CPU
		{33D5F4A3-E00E-4E13-8F28-B591699CE6AC}.Release|x64.ActiveCfg = Release|Any CPU
		{33D5F4A3-E00E-4E13-8F28-B591699CE6AC}.Release|x86.ActiveCfg = Release|x86
		{33D5F4A3-E00E-4E13-8F28-B591699CE6AC}.Release|x86.Build.0 = Release|x86
		{8D866D23-34C3-4277-9480-42EF1248F54F}.Debug|Any CPU.ActiveCfg = Debug|Any CPU
		{8D866D23-34C3-4277-9480-42EF1248F54F}.Debug|Any CPU.Build.0 = Debug|Any CPU
		{8D866D23-34C3-4277-9480-42EF1248F54F}.Debug|x64.ActiveCfg = Debug|Any CPU
		{8D866D23-34C3-4277-9480-42EF1248F54F}.Debug|x86.ActiveCfg = Debug|x86
		{8D866D23-34C3-4277-9480-42EF1248F54F}.Debug|x86.Build.0 = Debug|x86
		{8D866D23-34C3-4277-9480-42EF1248F54F}.Release|Any CPU.ActiveCfg = Release|Any CPU
		{8D866D23-34C3-4277-9480-42EF1248F54F}.Release|Any CPU.Build.0 = Release|Any CPU
		{8D866D23-34C3-4277-9480-42EF1248F54F}.Release|x64.ActiveCfg = Release|Any CPU
		{8D866D23-34C3-4277-9480-42EF1248F54F}.Release|x86.ActiveCfg = Release|x86
		{8D866D23-34C3-4277-9480-42EF1248F54F}.Release|x86.Build.0 = Release|x86
		{498E38D7-C45A-493A-B04E-08C8B9AF54F5}.Debug|Any CPU.ActiveCfg = Debug|Any CPU
		{498E38D7-C45A-493A-B04E-08C8B9AF54F5}.Debug|Any CPU.Build.0 = Debug|Any CPU
		{498E38D7-C45A-493A-B04E-08C8B9AF54F5}.Debug|x64.ActiveCfg = Debug|Any CPU
		{498E38D7-C45A-493A-B04E-08C8B9AF54F5}.Debug|x86.ActiveCfg = Debug|x86
		{498E38D7-C45A-493A-B04E-08C8B9AF54F5}.Debug|x86.Build.0 = Debug|x86
		{498E38D7-C45A-493A-B04E-08C8B9AF54F5}.Release|Any CPU.ActiveCfg = Release|Any CPU
		{498E38D7-C45A-493A-B04E-08C8B9AF54F5}.Release|Any CPU.Build.0 = Release|Any CPU
		{498E38D7-C45A-493A-B04E-08C8B9AF54F5}.Release|x64.ActiveCfg = Release|Any CPU
		{498E38D7-C45A-493A-B04E-08C8B9AF54F5}.Release|x86.ActiveCfg = Release|x86
		{498E38D7-C45A-493A-B04E-08C8B9AF54F5}.Release|x86.Build.0 = Release|x86
		{0C0E838C-53E7-4D6A-8B0E-9D5CC43F52BB}.Debug|Any CPU.ActiveCfg = Debug|Any CPU
		{0C0E838C-53E7-4D6A-8B0E-9D5CC43F52BB}.Debug|Any CPU.Build.0 = Debug|Any CPU
		{0C0E838C-53E7-4D6A-8B0E-9D5CC43F52BB}.Debug|x64.ActiveCfg = Debug|Any CPU
		{0C0E838C-53E7-4D6A-8B0E-9D5CC43F52BB}.Debug|x86.ActiveCfg = Debug|x86
		{0C0E838C-53E7-4D6A-8B0E-9D5CC43F52BB}.Debug|x86.Build.0 = Debug|x86
		{0C0E838C-53E7-4D6A-8B0E-9D5CC43F52BB}.Release|Any CPU.ActiveCfg = Release|Any CPU
		{0C0E838C-53E7-4D6A-8B0E-9D5CC43F52BB}.Release|Any CPU.Build.0 = Release|Any CPU
		{0C0E838C-53E7-4D6A-8B0E-9D5CC43F52BB}.Release|x64.ActiveCfg = Release|Any CPU
		{0C0E838C-53E7-4D6A-8B0E-9D5CC43F52BB}.Release|x86.ActiveCfg = Release|x86
		{0C0E838C-53E7-4D6A-8B0E-9D5CC43F52BB}.Release|x86.Build.0 = Release|x86
		{AC115040-D3EE-4AB7-A3E5-5842724ACC15}.Debug|Any CPU.ActiveCfg = Debug|Any CPU
		{AC115040-D3EE-4AB7-A3E5-5842724ACC15}.Debug|Any CPU.Build.0 = Debug|Any CPU
		{AC115040-D3EE-4AB7-A3E5-5842724ACC15}.Debug|x64.ActiveCfg = Debug|Any CPU
		{AC115040-D3EE-4AB7-A3E5-5842724ACC15}.Debug|x86.ActiveCfg = Debug|x86
		{AC115040-D3EE-4AB7-A3E5-5842724ACC15}.Debug|x86.Build.0 = Debug|x86
		{AC115040-D3EE-4AB7-A3E5-5842724ACC15}.Release|Any CPU.ActiveCfg = Release|Any CPU
		{AC115040-D3EE-4AB7-A3E5-5842724ACC15}.Release|Any CPU.Build.0 = Release|Any CPU
		{AC115040-D3EE-4AB7-A3E5-5842724ACC15}.Release|x64.ActiveCfg = Release|Any CPU
		{AC115040-D3EE-4AB7-A3E5-5842724ACC15}.Release|x86.ActiveCfg = Release|x86
		{AC115040-D3EE-4AB7-A3E5-5842724ACC15}.Release|x86.Build.0 = Release|x86
		{F85BC636-6BB5-4C85-AC23-660C3248507A}.Debug|Any CPU.ActiveCfg = Debug|Any CPU
		{F85BC636-6BB5-4C85-AC23-660C3248507A}.Debug|Any CPU.Build.0 = Debug|Any CPU
		{F85BC636-6BB5-4C85-AC23-660C3248507A}.Debug|x64.ActiveCfg = Debug|Any CPU
		{F85BC636-6BB5-4C85-AC23-660C3248507A}.Debug|x86.ActiveCfg = Debug|x86
		{F85BC636-6BB5-4C85-AC23-660C3248507A}.Debug|x86.Build.0 = Debug|x86
		{F85BC636-6BB5-4C85-AC23-660C3248507A}.Release|Any CPU.ActiveCfg = Release|Any CPU
		{F85BC636-6BB5-4C85-AC23-660C3248507A}.Release|Any CPU.Build.0 = Release|Any CPU
		{F85BC636-6BB5-4C85-AC23-660C3248507A}.Release|x64.ActiveCfg = Release|Any CPU
		{F85BC636-6BB5-4C85-AC23-660C3248507A}.Release|x86.ActiveCfg = Release|x86
		{F85BC636-6BB5-4C85-AC23-660C3248507A}.Release|x86.Build.0 = Release|x86
		{4EC65D78-6249-4B88-A306-0ED758D3EF1D}.Debug|Any CPU.ActiveCfg = Debug|Any CPU
		{4EC65D78-6249-4B88-A306-0ED758D3EF1D}.Debug|Any CPU.Build.0 = Debug|Any CPU
		{4EC65D78-6249-4B88-A306-0ED758D3EF1D}.Debug|x64.ActiveCfg = Debug|Any CPU
		{4EC65D78-6249-4B88-A306-0ED758D3EF1D}.Debug|x86.ActiveCfg = Debug|x86
		{4EC65D78-6249-4B88-A306-0ED758D3EF1D}.Debug|x86.Build.0 = Debug|x86
		{4EC65D78-6249-4B88-A306-0ED758D3EF1D}.Release|Any CPU.ActiveCfg = Release|Any CPU
		{4EC65D78-6249-4B88-A306-0ED758D3EF1D}.Release|Any CPU.Build.0 = Release|Any CPU
		{4EC65D78-6249-4B88-A306-0ED758D3EF1D}.Release|x64.ActiveCfg = Release|Any CPU
		{4EC65D78-6249-4B88-A306-0ED758D3EF1D}.Release|x86.ActiveCfg = Release|x86
		{4EC65D78-6249-4B88-A306-0ED758D3EF1D}.Release|x86.Build.0 = Release|x86
		{68DE830E-DB9B-4A42-9CF9-B73415B07087}.Debug|Any CPU.ActiveCfg = Debug|Any CPU
		{68DE830E-DB9B-4A42-9CF9-B73415B07087}.Debug|Any CPU.Build.0 = Debug|Any CPU
		{68DE830E-DB9B-4A42-9CF9-B73415B07087}.Debug|x64.ActiveCfg = Debug|Any CPU
		{68DE830E-DB9B-4A42-9CF9-B73415B07087}.Debug|x86.ActiveCfg = Debug|x86
		{68DE830E-DB9B-4A42-9CF9-B73415B07087}.Debug|x86.Build.0 = Debug|x86
		{68DE830E-DB9B-4A42-9CF9-B73415B07087}.Release|Any CPU.ActiveCfg = Release|Any CPU
		{68DE830E-DB9B-4A42-9CF9-B73415B07087}.Release|Any CPU.Build.0 = Release|Any CPU
		{68DE830E-DB9B-4A42-9CF9-B73415B07087}.Release|x64.ActiveCfg = Release|Any CPU
		{68DE830E-DB9B-4A42-9CF9-B73415B07087}.Release|x86.ActiveCfg = Release|x86
		{68DE830E-DB9B-4A42-9CF9-B73415B07087}.Release|x86.Build.0 = Release|x86
		{F53F6B0B-DF6F-4C95-B29D-9A3FDED41A26}.Debug|Any CPU.ActiveCfg = Debug|Any CPU
		{F53F6B0B-DF6F-4C95-B29D-9A3FDED41A26}.Debug|Any CPU.Build.0 = Debug|Any CPU
		{F53F6B0B-DF6F-4C95-B29D-9A3FDED41A26}.Debug|x64.ActiveCfg = Debug|Any CPU
		{F53F6B0B-DF6F-4C95-B29D-9A3FDED41A26}.Debug|x86.ActiveCfg = Debug|x86
		{F53F6B0B-DF6F-4C95-B29D-9A3FDED41A26}.Debug|x86.Build.0 = Debug|x86
		{F53F6B0B-DF6F-4C95-B29D-9A3FDED41A26}.Release|Any CPU.ActiveCfg = Release|Any CPU
		{F53F6B0B-DF6F-4C95-B29D-9A3FDED41A26}.Release|Any CPU.Build.0 = Release|Any CPU
		{F53F6B0B-DF6F-4C95-B29D-9A3FDED41A26}.Release|x64.ActiveCfg = Release|Any CPU
		{F53F6B0B-DF6F-4C95-B29D-9A3FDED41A26}.Release|x86.ActiveCfg = Release|x86
		{F53F6B0B-DF6F-4C95-B29D-9A3FDED41A26}.Release|x86.Build.0 = Release|x86
		{0DBA0417-A9F0-4BCC-8E38-CE40508CC930}.Debug|Any CPU.ActiveCfg = Debug|Any CPU
		{0DBA0417-A9F0-4BCC-8E38-CE40508CC930}.Debug|Any CPU.Build.0 = Debug|Any CPU
		{0DBA0417-A9F0-4BCC-8E38-CE40508CC930}.Debug|x64.ActiveCfg = Debug|Any CPU
		{0DBA0417-A9F0-4BCC-8E38-CE40508CC930}.Debug|x86.ActiveCfg = Debug|x86
		{0DBA0417-A9F0-4BCC-8E38-CE40508CC930}.Debug|x86.Build.0 = Debug|x86
		{0DBA0417-A9F0-4BCC-8E38-CE40508CC930}.Release|Any CPU.ActiveCfg = Release|Any CPU
		{0DBA0417-A9F0-4BCC-8E38-CE40508CC930}.Release|Any CPU.Build.0 = Release|Any CPU
		{0DBA0417-A9F0-4BCC-8E38-CE40508CC930}.Release|x64.ActiveCfg = Release|Any CPU
		{0DBA0417-A9F0-4BCC-8E38-CE40508CC930}.Release|x86.ActiveCfg = Release|x86
		{0DBA0417-A9F0-4BCC-8E38-CE40508CC930}.Release|x86.Build.0 = Release|x86
		{137D952C-4217-4948-B841-F3E6181822CF}.Debug|Any CPU.ActiveCfg = Debug|Any CPU
		{137D952C-4217-4948-B841-F3E6181822CF}.Debug|Any CPU.Build.0 = Debug|Any CPU
		{137D952C-4217-4948-B841-F3E6181822CF}.Debug|x64.ActiveCfg = Debug|Any CPU
		{137D952C-4217-4948-B841-F3E6181822CF}.Debug|x86.ActiveCfg = Debug|x86
		{137D952C-4217-4948-B841-F3E6181822CF}.Debug|x86.Build.0 = Debug|x86
		{137D952C-4217-4948-B841-F3E6181822CF}.Release|Any CPU.ActiveCfg = Release|Any CPU
		{137D952C-4217-4948-B841-F3E6181822CF}.Release|Any CPU.Build.0 = Release|Any CPU
		{137D952C-4217-4948-B841-F3E6181822CF}.Release|x64.ActiveCfg = Release|Any CPU
		{137D952C-4217-4948-B841-F3E6181822CF}.Release|x86.ActiveCfg = Release|x86
		{137D952C-4217-4948-B841-F3E6181822CF}.Release|x86.Build.0 = Release|x86
		{E1E5657B-DAB3-431D-842F-5BA8BFFD2C3D}.Debug|Any CPU.ActiveCfg = Debug|Any CPU
		{E1E5657B-DAB3-431D-842F-5BA8BFFD2C3D}.Debug|Any CPU.Build.0 = Debug|Any CPU
		{E1E5657B-DAB3-431D-842F-5BA8BFFD2C3D}.Debug|x64.ActiveCfg = Debug|Any CPU
		{E1E5657B-DAB3-431D-842F-5BA8BFFD2C3D}.Debug|x86.ActiveCfg = Debug|x86
		{E1E5657B-DAB3-431D-842F-5BA8BFFD2C3D}.Debug|x86.Build.0 = Debug|x86
		{E1E5657B-DAB3-431D-842F-5BA8BFFD2C3D}.Release|Any CPU.ActiveCfg = Release|Any CPU
		{E1E5657B-DAB3-431D-842F-5BA8BFFD2C3D}.Release|Any CPU.Build.0 = Release|Any CPU
		{E1E5657B-DAB3-431D-842F-5BA8BFFD2C3D}.Release|x64.ActiveCfg = Release|Any CPU
		{E1E5657B-DAB3-431D-842F-5BA8BFFD2C3D}.Release|x86.ActiveCfg = Release|x86
		{E1E5657B-DAB3-431D-842F-5BA8BFFD2C3D}.Release|x86.Build.0 = Release|x86
		{50DC9453-F8FC-45AA-B940-459E09C0D676}.Debug|Any CPU.ActiveCfg = Debug|Any CPU
		{50DC9453-F8FC-45AA-B940-459E09C0D676}.Debug|Any CPU.Build.0 = Debug|Any CPU
		{50DC9453-F8FC-45AA-B940-459E09C0D676}.Debug|x64.ActiveCfg = Debug|Any CPU
		{50DC9453-F8FC-45AA-B940-459E09C0D676}.Debug|x86.ActiveCfg = Debug|x86
		{50DC9453-F8FC-45AA-B940-459E09C0D676}.Debug|x86.Build.0 = Debug|x86
		{50DC9453-F8FC-45AA-B940-459E09C0D676}.Release|Any CPU.ActiveCfg = Release|Any CPU
		{50DC9453-F8FC-45AA-B940-459E09C0D676}.Release|Any CPU.Build.0 = Release|Any CPU
		{50DC9453-F8FC-45AA-B940-459E09C0D676}.Release|x64.ActiveCfg = Release|Any CPU
		{50DC9453-F8FC-45AA-B940-459E09C0D676}.Release|x86.ActiveCfg = Release|x86
		{50DC9453-F8FC-45AA-B940-459E09C0D676}.Release|x86.Build.0 = Release|x86
		{1F389F41-7C26-45BB-B0F9-8C243F7B4D41}.Debug|Any CPU.ActiveCfg = Debug|Any CPU
		{1F389F41-7C26-45BB-B0F9-8C243F7B4D41}.Debug|Any CPU.Build.0 = Debug|Any CPU
		{1F389F41-7C26-45BB-B0F9-8C243F7B4D41}.Debug|x64.ActiveCfg = Debug|Any CPU
		{1F389F41-7C26-45BB-B0F9-8C243F7B4D41}.Debug|x86.ActiveCfg = Debug|x86
		{1F389F41-7C26-45BB-B0F9-8C243F7B4D41}.Debug|x86.Build.0 = Debug|x86
		{1F389F41-7C26-45BB-B0F9-8C243F7B4D41}.Release|Any CPU.ActiveCfg = Release|Any CPU
		{1F389F41-7C26-45BB-B0F9-8C243F7B4D41}.Release|Any CPU.Build.0 = Release|Any CPU
		{1F389F41-7C26-45BB-B0F9-8C243F7B4D41}.Release|x64.ActiveCfg = Release|Any CPU
		{1F389F41-7C26-45BB-B0F9-8C243F7B4D41}.Release|x86.ActiveCfg = Release|x86
		{1F389F41-7C26-45BB-B0F9-8C243F7B4D41}.Release|x86.Build.0 = Release|x86
		{3E16F609-832F-4383-AC8A-86E7CA19B243}.Debug|Any CPU.ActiveCfg = Debug|Any CPU
		{3E16F609-832F-4383-AC8A-86E7CA19B243}.Debug|Any CPU.Build.0 = Debug|Any CPU
		{3E16F609-832F-4383-AC8A-86E7CA19B243}.Debug|x64.ActiveCfg = Debug|Any CPU
		{3E16F609-832F-4383-AC8A-86E7CA19B243}.Debug|x86.ActiveCfg = Debug|x86
		{3E16F609-832F-4383-AC8A-86E7CA19B243}.Debug|x86.Build.0 = Debug|x86
		{3E16F609-832F-4383-AC8A-86E7CA19B243}.Release|Any CPU.ActiveCfg = Release|Any CPU
		{3E16F609-832F-4383-AC8A-86E7CA19B243}.Release|Any CPU.Build.0 = Release|Any CPU
		{3E16F609-832F-4383-AC8A-86E7CA19B243}.Release|x64.ActiveCfg = Release|Any CPU
		{3E16F609-832F-4383-AC8A-86E7CA19B243}.Release|x86.ActiveCfg = Release|x86
		{3E16F609-832F-4383-AC8A-86E7CA19B243}.Release|x86.Build.0 = Release|x86
		{E3F7B628-9686-410D-A8D8-352FC4648088}.Debug|Any CPU.ActiveCfg = Debug|Any CPU
		{E3F7B628-9686-410D-A8D8-352FC4648088}.Debug|Any CPU.Build.0 = Debug|Any CPU
		{E3F7B628-9686-410D-A8D8-352FC4648088}.Debug|x64.ActiveCfg = Debug|Any CPU
		{E3F7B628-9686-410D-A8D8-352FC4648088}.Debug|x86.ActiveCfg = Debug|x86
		{E3F7B628-9686-410D-A8D8-352FC4648088}.Debug|x86.Build.0 = Debug|x86
		{E3F7B628-9686-410D-A8D8-352FC4648088}.Release|Any CPU.ActiveCfg = Release|Any CPU
		{E3F7B628-9686-410D-A8D8-352FC4648088}.Release|Any CPU.Build.0 = Release|Any CPU
		{E3F7B628-9686-410D-A8D8-352FC4648088}.Release|x64.ActiveCfg = Release|Any CPU
		{E3F7B628-9686-410D-A8D8-352FC4648088}.Release|x86.ActiveCfg = Release|x86
		{E3F7B628-9686-410D-A8D8-352FC4648088}.Release|x86.Build.0 = Release|x86
		{37B39D83-3150-4103-95AF-A546797D2D72}.Debug|Any CPU.ActiveCfg = Debug|Any CPU
		{37B39D83-3150-4103-95AF-A546797D2D72}.Debug|Any CPU.Build.0 = Debug|Any CPU
		{37B39D83-3150-4103-95AF-A546797D2D72}.Debug|x64.ActiveCfg = Debug|Any CPU
		{37B39D83-3150-4103-95AF-A546797D2D72}.Debug|x86.ActiveCfg = Debug|x86
		{37B39D83-3150-4103-95AF-A546797D2D72}.Debug|x86.Build.0 = Debug|x86
		{37B39D83-3150-4103-95AF-A546797D2D72}.Release|Any CPU.ActiveCfg = Release|Any CPU
		{37B39D83-3150-4103-95AF-A546797D2D72}.Release|Any CPU.Build.0 = Release|Any CPU
		{37B39D83-3150-4103-95AF-A546797D2D72}.Release|x64.ActiveCfg = Release|Any CPU
		{37B39D83-3150-4103-95AF-A546797D2D72}.Release|x86.ActiveCfg = Release|x86
		{37B39D83-3150-4103-95AF-A546797D2D72}.Release|x86.Build.0 = Release|x86
		{50628EB4-3848-4256-819C-842A3B208319}.Debug|Any CPU.ActiveCfg = Debug|Any CPU
		{50628EB4-3848-4256-819C-842A3B208319}.Debug|Any CPU.Build.0 = Debug|Any CPU
		{50628EB4-3848-4256-819C-842A3B208319}.Debug|x64.ActiveCfg = Debug|Any CPU
		{50628EB4-3848-4256-819C-842A3B208319}.Debug|x86.ActiveCfg = Debug|x86
		{50628EB4-3848-4256-819C-842A3B208319}.Debug|x86.Build.0 = Debug|x86
		{50628EB4-3848-4256-819C-842A3B208319}.Release|Any CPU.ActiveCfg = Release|Any CPU
		{50628EB4-3848-4256-819C-842A3B208319}.Release|Any CPU.Build.0 = Release|Any CPU
		{50628EB4-3848-4256-819C-842A3B208319}.Release|x64.ActiveCfg = Release|Any CPU
		{50628EB4-3848-4256-819C-842A3B208319}.Release|x86.ActiveCfg = Release|x86
		{50628EB4-3848-4256-819C-842A3B208319}.Release|x86.Build.0 = Release|x86
		{2C4A6D3D-A46A-4988-A34D-BE8BE5D63FC3}.Debug|Any CPU.ActiveCfg = Debug|Any CPU
		{2C4A6D3D-A46A-4988-A34D-BE8BE5D63FC3}.Debug|Any CPU.Build.0 = Debug|Any CPU
		{2C4A6D3D-A46A-4988-A34D-BE8BE5D63FC3}.Debug|x64.ActiveCfg = Debug|Any CPU
		{2C4A6D3D-A46A-4988-A34D-BE8BE5D63FC3}.Debug|x86.ActiveCfg = Debug|x86
		{2C4A6D3D-A46A-4988-A34D-BE8BE5D63FC3}.Debug|x86.Build.0 = Debug|x86
		{2C4A6D3D-A46A-4988-A34D-BE8BE5D63FC3}.Release|Any CPU.ActiveCfg = Release|Any CPU
		{2C4A6D3D-A46A-4988-A34D-BE8BE5D63FC3}.Release|Any CPU.Build.0 = Release|Any CPU
		{2C4A6D3D-A46A-4988-A34D-BE8BE5D63FC3}.Release|x64.ActiveCfg = Release|Any CPU
		{2C4A6D3D-A46A-4988-A34D-BE8BE5D63FC3}.Release|x86.ActiveCfg = Release|x86
		{2C4A6D3D-A46A-4988-A34D-BE8BE5D63FC3}.Release|x86.Build.0 = Release|x86
		{9EB4E875-CA0B-46B7-98C3-3A813337F1E4}.Debug|Any CPU.ActiveCfg = Debug|Any CPU
		{9EB4E875-CA0B-46B7-98C3-3A813337F1E4}.Debug|Any CPU.Build.0 = Debug|Any CPU
		{9EB4E875-CA0B-46B7-98C3-3A813337F1E4}.Debug|x64.ActiveCfg = Debug|Any CPU
		{9EB4E875-CA0B-46B7-98C3-3A813337F1E4}.Debug|x86.ActiveCfg = Debug|x86
		{9EB4E875-CA0B-46B7-98C3-3A813337F1E4}.Debug|x86.Build.0 = Debug|x86
		{9EB4E875-CA0B-46B7-98C3-3A813337F1E4}.Release|Any CPU.ActiveCfg = Release|Any CPU
		{9EB4E875-CA0B-46B7-98C3-3A813337F1E4}.Release|Any CPU.Build.0 = Release|Any CPU
		{9EB4E875-CA0B-46B7-98C3-3A813337F1E4}.Release|x64.ActiveCfg = Release|Any CPU
		{9EB4E875-CA0B-46B7-98C3-3A813337F1E4}.Release|x86.ActiveCfg = Release|x86
		{9EB4E875-CA0B-46B7-98C3-3A813337F1E4}.Release|x86.Build.0 = Release|x86
		{7EF4FA43-C253-47C1-B21E-3BCCE6435512}.Debug|Any CPU.ActiveCfg = Debug|Any CPU
		{7EF4FA43-C253-47C1-B21E-3BCCE6435512}.Debug|Any CPU.Build.0 = Debug|Any CPU
		{7EF4FA43-C253-47C1-B21E-3BCCE6435512}.Debug|x64.ActiveCfg = Debug|Any CPU
		{7EF4FA43-C253-47C1-B21E-3BCCE6435512}.Debug|x86.ActiveCfg = Debug|x86
		{7EF4FA43-C253-47C1-B21E-3BCCE6435512}.Debug|x86.Build.0 = Debug|x86
		{7EF4FA43-C253-47C1-B21E-3BCCE6435512}.Release|Any CPU.ActiveCfg = Release|Any CPU
		{7EF4FA43-C253-47C1-B21E-3BCCE6435512}.Release|Any CPU.Build.0 = Release|Any CPU
		{7EF4FA43-C253-47C1-B21E-3BCCE6435512}.Release|x64.ActiveCfg = Release|Any CPU
		{7EF4FA43-C253-47C1-B21E-3BCCE6435512}.Release|x86.ActiveCfg = Release|x86
		{7EF4FA43-C253-47C1-B21E-3BCCE6435512}.Release|x86.Build.0 = Release|x86
		{F1B1573F-9197-47BC-A72F-C71E47FC1599}.Debug|Any CPU.ActiveCfg = Debug|Any CPU
		{F1B1573F-9197-47BC-A72F-C71E47FC1599}.Debug|Any CPU.Build.0 = Debug|Any CPU
		{F1B1573F-9197-47BC-A72F-C71E47FC1599}.Debug|x64.ActiveCfg = Debug|Any CPU
		{F1B1573F-9197-47BC-A72F-C71E47FC1599}.Debug|x86.ActiveCfg = Debug|x86
		{F1B1573F-9197-47BC-A72F-C71E47FC1599}.Debug|x86.Build.0 = Debug|x86
		{F1B1573F-9197-47BC-A72F-C71E47FC1599}.Release|Any CPU.ActiveCfg = Release|Any CPU
		{F1B1573F-9197-47BC-A72F-C71E47FC1599}.Release|Any CPU.Build.0 = Release|Any CPU
		{F1B1573F-9197-47BC-A72F-C71E47FC1599}.Release|x64.ActiveCfg = Release|Any CPU
		{F1B1573F-9197-47BC-A72F-C71E47FC1599}.Release|x86.ActiveCfg = Release|x86
		{F1B1573F-9197-47BC-A72F-C71E47FC1599}.Release|x86.Build.0 = Release|x86
		{8B0E3FBE-3290-43D4-97FA-C7E8569F5622}.Debug|Any CPU.ActiveCfg = Debug|Any CPU
		{8B0E3FBE-3290-43D4-97FA-C7E8569F5622}.Debug|Any CPU.Build.0 = Debug|Any CPU
		{8B0E3FBE-3290-43D4-97FA-C7E8569F5622}.Debug|x64.ActiveCfg = Debug|Any CPU
		{8B0E3FBE-3290-43D4-97FA-C7E8569F5622}.Debug|x86.ActiveCfg = Debug|x86
		{8B0E3FBE-3290-43D4-97FA-C7E8569F5622}.Debug|x86.Build.0 = Debug|x86
		{8B0E3FBE-3290-43D4-97FA-C7E8569F5622}.Release|Any CPU.ActiveCfg = Release|Any CPU
		{8B0E3FBE-3290-43D4-97FA-C7E8569F5622}.Release|Any CPU.Build.0 = Release|Any CPU
		{8B0E3FBE-3290-43D4-97FA-C7E8569F5622}.Release|x64.ActiveCfg = Release|Any CPU
		{8B0E3FBE-3290-43D4-97FA-C7E8569F5622}.Release|x86.ActiveCfg = Release|x86
		{8B0E3FBE-3290-43D4-97FA-C7E8569F5622}.Release|x86.Build.0 = Release|x86
		{5903BD53-EBAF-4E15-AE63-59430DBBA17F}.Debug|Any CPU.ActiveCfg = Debug|Any CPU
		{5903BD53-EBAF-4E15-AE63-59430DBBA17F}.Debug|Any CPU.Build.0 = Debug|Any CPU
		{5903BD53-EBAF-4E15-AE63-59430DBBA17F}.Debug|x64.ActiveCfg = Debug|Any CPU
		{5903BD53-EBAF-4E15-AE63-59430DBBA17F}.Debug|x86.ActiveCfg = Debug|x86
		{5903BD53-EBAF-4E15-AE63-59430DBBA17F}.Debug|x86.Build.0 = Debug|x86
		{5903BD53-EBAF-4E15-AE63-59430DBBA17F}.Release|Any CPU.ActiveCfg = Release|Any CPU
		{5903BD53-EBAF-4E15-AE63-59430DBBA17F}.Release|Any CPU.Build.0 = Release|Any CPU
		{5903BD53-EBAF-4E15-AE63-59430DBBA17F}.Release|x64.ActiveCfg = Release|Any CPU
		{5903BD53-EBAF-4E15-AE63-59430DBBA17F}.Release|x86.ActiveCfg = Release|x86
		{5903BD53-EBAF-4E15-AE63-59430DBBA17F}.Release|x86.Build.0 = Release|x86
		{650A029E-EBE8-4EFF-880C-9DFF82D6FFC7}.Debug|Any CPU.ActiveCfg = Debug|Any CPU
		{650A029E-EBE8-4EFF-880C-9DFF82D6FFC7}.Debug|Any CPU.Build.0 = Debug|Any CPU
		{650A029E-EBE8-4EFF-880C-9DFF82D6FFC7}.Debug|x64.ActiveCfg = Debug|Any CPU
		{650A029E-EBE8-4EFF-880C-9DFF82D6FFC7}.Debug|x86.ActiveCfg = Debug|x86
		{650A029E-EBE8-4EFF-880C-9DFF82D6FFC7}.Debug|x86.Build.0 = Debug|x86
		{650A029E-EBE8-4EFF-880C-9DFF82D6FFC7}.Release|Any CPU.ActiveCfg = Release|Any CPU
		{650A029E-EBE8-4EFF-880C-9DFF82D6FFC7}.Release|Any CPU.Build.0 = Release|Any CPU
		{650A029E-EBE8-4EFF-880C-9DFF82D6FFC7}.Release|x64.ActiveCfg = Release|Any CPU
		{650A029E-EBE8-4EFF-880C-9DFF82D6FFC7}.Release|x86.ActiveCfg = Release|x86
		{650A029E-EBE8-4EFF-880C-9DFF82D6FFC7}.Release|x86.Build.0 = Release|x86
		{858FA972-963A-483C-B0CA-0110B9538411}.Debug|Any CPU.ActiveCfg = Debug|Any CPU
		{858FA972-963A-483C-B0CA-0110B9538411}.Debug|Any CPU.Build.0 = Debug|Any CPU
		{858FA972-963A-483C-B0CA-0110B9538411}.Debug|x64.ActiveCfg = Debug|Any CPU
		{858FA972-963A-483C-B0CA-0110B9538411}.Debug|x86.ActiveCfg = Debug|x86
		{858FA972-963A-483C-B0CA-0110B9538411}.Debug|x86.Build.0 = Debug|x86
		{858FA972-963A-483C-B0CA-0110B9538411}.Release|Any CPU.ActiveCfg = Release|Any CPU
		{858FA972-963A-483C-B0CA-0110B9538411}.Release|Any CPU.Build.0 = Release|Any CPU
		{858FA972-963A-483C-B0CA-0110B9538411}.Release|x64.ActiveCfg = Release|Any CPU
		{858FA972-963A-483C-B0CA-0110B9538411}.Release|x86.ActiveCfg = Release|x86
		{858FA972-963A-483C-B0CA-0110B9538411}.Release|x86.Build.0 = Release|x86
		{5CB3098F-54E7-427E-95CA-4D0EBBA9E2AB}.Debug|Any CPU.ActiveCfg = Debug|Any CPU
		{5CB3098F-54E7-427E-95CA-4D0EBBA9E2AB}.Debug|Any CPU.Build.0 = Debug|Any CPU
		{5CB3098F-54E7-427E-95CA-4D0EBBA9E2AB}.Debug|x64.ActiveCfg = Debug|Any CPU
		{5CB3098F-54E7-427E-95CA-4D0EBBA9E2AB}.Debug|x86.ActiveCfg = Debug|x86
		{5CB3098F-54E7-427E-95CA-4D0EBBA9E2AB}.Debug|x86.Build.0 = Debug|x86
		{5CB3098F-54E7-427E-95CA-4D0EBBA9E2AB}.Release|Any CPU.ActiveCfg = Release|Any CPU
		{5CB3098F-54E7-427E-95CA-4D0EBBA9E2AB}.Release|Any CPU.Build.0 = Release|Any CPU
		{5CB3098F-54E7-427E-95CA-4D0EBBA9E2AB}.Release|x64.ActiveCfg = Release|Any CPU
		{5CB3098F-54E7-427E-95CA-4D0EBBA9E2AB}.Release|x86.ActiveCfg = Release|x86
		{5CB3098F-54E7-427E-95CA-4D0EBBA9E2AB}.Release|x86.Build.0 = Release|x86
		{061B2DAD-1AEF-45A4-A37A-D07223E418B4}.Debug|Any CPU.ActiveCfg = Debug|Any CPU
		{061B2DAD-1AEF-45A4-A37A-D07223E418B4}.Debug|Any CPU.Build.0 = Debug|Any CPU
		{061B2DAD-1AEF-45A4-A37A-D07223E418B4}.Debug|x64.ActiveCfg = Debug|Any CPU
		{061B2DAD-1AEF-45A4-A37A-D07223E418B4}.Debug|x86.ActiveCfg = Debug|x86
		{061B2DAD-1AEF-45A4-A37A-D07223E418B4}.Debug|x86.Build.0 = Debug|x86
		{061B2DAD-1AEF-45A4-A37A-D07223E418B4}.Release|Any CPU.ActiveCfg = Release|Any CPU
		{061B2DAD-1AEF-45A4-A37A-D07223E418B4}.Release|Any CPU.Build.0 = Release|Any CPU
		{061B2DAD-1AEF-45A4-A37A-D07223E418B4}.Release|x64.ActiveCfg = Release|Any CPU
		{061B2DAD-1AEF-45A4-A37A-D07223E418B4}.Release|x86.ActiveCfg = Release|x86
		{061B2DAD-1AEF-45A4-A37A-D07223E418B4}.Release|x86.Build.0 = Release|x86
		{92709546-3954-436B-B406-0A05B13C11E3}.Debug|Any CPU.ActiveCfg = Debug|Any CPU
		{92709546-3954-436B-B406-0A05B13C11E3}.Debug|Any CPU.Build.0 = Debug|Any CPU
		{92709546-3954-436B-B406-0A05B13C11E3}.Debug|x64.ActiveCfg = Debug|Any CPU
		{92709546-3954-436B-B406-0A05B13C11E3}.Debug|x86.ActiveCfg = Debug|x86
		{92709546-3954-436B-B406-0A05B13C11E3}.Debug|x86.Build.0 = Debug|x86
		{92709546-3954-436B-B406-0A05B13C11E3}.Release|Any CPU.ActiveCfg = Release|Any CPU
		{92709546-3954-436B-B406-0A05B13C11E3}.Release|Any CPU.Build.0 = Release|Any CPU
		{92709546-3954-436B-B406-0A05B13C11E3}.Release|x64.ActiveCfg = Release|Any CPU
		{92709546-3954-436B-B406-0A05B13C11E3}.Release|x86.ActiveCfg = Release|x86
		{92709546-3954-436B-B406-0A05B13C11E3}.Release|x86.Build.0 = Release|x86
		{2C758E50-22C2-4928-8B90-9A582CB33426}.Debug|Any CPU.ActiveCfg = Debug|Any CPU
		{2C758E50-22C2-4928-8B90-9A582CB33426}.Debug|Any CPU.Build.0 = Debug|Any CPU
		{2C758E50-22C2-4928-8B90-9A582CB33426}.Debug|x64.ActiveCfg = Debug|Any CPU
		{2C758E50-22C2-4928-8B90-9A582CB33426}.Debug|x86.ActiveCfg = Debug|x86
		{2C758E50-22C2-4928-8B90-9A582CB33426}.Debug|x86.Build.0 = Debug|x86
		{2C758E50-22C2-4928-8B90-9A582CB33426}.Release|Any CPU.ActiveCfg = Release|Any CPU
		{2C758E50-22C2-4928-8B90-9A582CB33426}.Release|Any CPU.Build.0 = Release|Any CPU
		{2C758E50-22C2-4928-8B90-9A582CB33426}.Release|x64.ActiveCfg = Release|Any CPU
		{2C758E50-22C2-4928-8B90-9A582CB33426}.Release|x86.ActiveCfg = Release|x86
		{2C758E50-22C2-4928-8B90-9A582CB33426}.Release|x86.Build.0 = Release|x86
		{E4903383-8E21-45E1-9AC5-E6D7863DE1BA}.Debug|Any CPU.ActiveCfg = Debug|Any CPU
		{E4903383-8E21-45E1-9AC5-E6D7863DE1BA}.Debug|Any CPU.Build.0 = Debug|Any CPU
		{E4903383-8E21-45E1-9AC5-E6D7863DE1BA}.Debug|x64.ActiveCfg = Debug|Any CPU
		{E4903383-8E21-45E1-9AC5-E6D7863DE1BA}.Debug|x86.ActiveCfg = Debug|x86
		{E4903383-8E21-45E1-9AC5-E6D7863DE1BA}.Debug|x86.Build.0 = Debug|x86
		{E4903383-8E21-45E1-9AC5-E6D7863DE1BA}.Release|Any CPU.ActiveCfg = Release|Any CPU
		{E4903383-8E21-45E1-9AC5-E6D7863DE1BA}.Release|Any CPU.Build.0 = Release|Any CPU
		{E4903383-8E21-45E1-9AC5-E6D7863DE1BA}.Release|x64.ActiveCfg = Release|Any CPU
		{E4903383-8E21-45E1-9AC5-E6D7863DE1BA}.Release|x86.ActiveCfg = Release|x86
		{E4903383-8E21-45E1-9AC5-E6D7863DE1BA}.Release|x86.Build.0 = Release|x86
		{B2B33994-371A-4F17-AD78-0794FEAAF034}.Debug|Any CPU.ActiveCfg = Debug|Any CPU
		{B2B33994-371A-4F17-AD78-0794FEAAF034}.Debug|Any CPU.Build.0 = Debug|Any CPU
		{B2B33994-371A-4F17-AD78-0794FEAAF034}.Debug|x64.ActiveCfg = Debug|Any CPU
		{B2B33994-371A-4F17-AD78-0794FEAAF034}.Debug|x86.ActiveCfg = Debug|x86
		{B2B33994-371A-4F17-AD78-0794FEAAF034}.Debug|x86.Build.0 = Debug|x86
		{B2B33994-371A-4F17-AD78-0794FEAAF034}.Release|Any CPU.ActiveCfg = Release|Any CPU
		{B2B33994-371A-4F17-AD78-0794FEAAF034}.Release|Any CPU.Build.0 = Release|Any CPU
		{B2B33994-371A-4F17-AD78-0794FEAAF034}.Release|x64.ActiveCfg = Release|Any CPU
		{B2B33994-371A-4F17-AD78-0794FEAAF034}.Release|x86.ActiveCfg = Release|x86
		{B2B33994-371A-4F17-AD78-0794FEAAF034}.Release|x86.Build.0 = Release|x86
		{7E8B964D-3967-4118-9157-E8CE41A225B5}.Debug|Any CPU.ActiveCfg = Debug|Any CPU
		{7E8B964D-3967-4118-9157-E8CE41A225B5}.Debug|Any CPU.Build.0 = Debug|Any CPU
		{7E8B964D-3967-4118-9157-E8CE41A225B5}.Debug|x64.ActiveCfg = Debug|Any CPU
		{7E8B964D-3967-4118-9157-E8CE41A225B5}.Debug|x86.ActiveCfg = Debug|x86
		{7E8B964D-3967-4118-9157-E8CE41A225B5}.Debug|x86.Build.0 = Debug|x86
		{7E8B964D-3967-4118-9157-E8CE41A225B5}.Release|Any CPU.ActiveCfg = Release|Any CPU
		{7E8B964D-3967-4118-9157-E8CE41A225B5}.Release|Any CPU.Build.0 = Release|Any CPU
		{7E8B964D-3967-4118-9157-E8CE41A225B5}.Release|x64.ActiveCfg = Release|Any CPU
		{7E8B964D-3967-4118-9157-E8CE41A225B5}.Release|x86.ActiveCfg = Release|x86
		{7E8B964D-3967-4118-9157-E8CE41A225B5}.Release|x86.Build.0 = Release|x86
		{8B2708E4-8DC6-440B-9601-4C0BF890E161}.Debug|Any CPU.ActiveCfg = Debug|Any CPU
		{8B2708E4-8DC6-440B-9601-4C0BF890E161}.Debug|Any CPU.Build.0 = Debug|Any CPU
		{8B2708E4-8DC6-440B-9601-4C0BF890E161}.Debug|x64.ActiveCfg = Debug|Any CPU
		{8B2708E4-8DC6-440B-9601-4C0BF890E161}.Debug|x86.ActiveCfg = Debug|x86
		{8B2708E4-8DC6-440B-9601-4C0BF890E161}.Debug|x86.Build.0 = Debug|x86
		{8B2708E4-8DC6-440B-9601-4C0BF890E161}.Release|Any CPU.ActiveCfg = Release|Any CPU
		{8B2708E4-8DC6-440B-9601-4C0BF890E161}.Release|Any CPU.Build.0 = Release|Any CPU
		{8B2708E4-8DC6-440B-9601-4C0BF890E161}.Release|x64.ActiveCfg = Release|Any CPU
		{8B2708E4-8DC6-440B-9601-4C0BF890E161}.Release|x86.ActiveCfg = Release|x86
		{8B2708E4-8DC6-440B-9601-4C0BF890E161}.Release|x86.Build.0 = Release|x86
		{4601E149-77F9-49D9-9DBA-8A90F2D3CC47}.Debug|Any CPU.ActiveCfg = Debug|Any CPU
		{4601E149-77F9-49D9-9DBA-8A90F2D3CC47}.Debug|Any CPU.Build.0 = Debug|Any CPU
		{4601E149-77F9-49D9-9DBA-8A90F2D3CC47}.Debug|x64.ActiveCfg = Debug|Any CPU
		{4601E149-77F9-49D9-9DBA-8A90F2D3CC47}.Debug|x86.ActiveCfg = Debug|x86
		{4601E149-77F9-49D9-9DBA-8A90F2D3CC47}.Debug|x86.Build.0 = Debug|x86
		{4601E149-77F9-49D9-9DBA-8A90F2D3CC47}.Release|Any CPU.ActiveCfg = Release|Any CPU
		{4601E149-77F9-49D9-9DBA-8A90F2D3CC47}.Release|Any CPU.Build.0 = Release|Any CPU
		{4601E149-77F9-49D9-9DBA-8A90F2D3CC47}.Release|x64.ActiveCfg = Release|Any CPU
		{4601E149-77F9-49D9-9DBA-8A90F2D3CC47}.Release|x86.ActiveCfg = Release|x86
		{4601E149-77F9-49D9-9DBA-8A90F2D3CC47}.Release|x86.Build.0 = Release|x86
		{6EF62A72-2725-49D9-94E8-1339D01403FC}.Debug|Any CPU.ActiveCfg = Debug|Any CPU
		{6EF62A72-2725-49D9-94E8-1339D01403FC}.Debug|Any CPU.Build.0 = Debug|Any CPU
		{6EF62A72-2725-49D9-94E8-1339D01403FC}.Debug|x64.ActiveCfg = Debug|Any CPU
		{6EF62A72-2725-49D9-94E8-1339D01403FC}.Debug|x86.ActiveCfg = Debug|x86
		{6EF62A72-2725-49D9-94E8-1339D01403FC}.Debug|x86.Build.0 = Debug|x86
		{6EF62A72-2725-49D9-94E8-1339D01403FC}.Release|Any CPU.ActiveCfg = Release|Any CPU
		{6EF62A72-2725-49D9-94E8-1339D01403FC}.Release|Any CPU.Build.0 = Release|Any CPU
		{6EF62A72-2725-49D9-94E8-1339D01403FC}.Release|x64.ActiveCfg = Release|Any CPU
		{6EF62A72-2725-49D9-94E8-1339D01403FC}.Release|x86.ActiveCfg = Release|x86
		{6EF62A72-2725-49D9-94E8-1339D01403FC}.Release|x86.Build.0 = Release|x86
	EndGlobalSection
	GlobalSection(SolutionProperties) = preSolution
		HideSolutionNode = FALSE
	EndGlobalSection
EndGlobal
